// !$*UTF8*$!
{
	archiveVersion = 1;
	classes = {
	};
	objectVersion = 56;
	objects = {

/* Begin PBXBuildFile section */
		BCD4EB4D2C74BFDC0021E1C8 /* DearFriendApp.swift in Sources */ = {isa = PBXBuildFile; fileRef = BCD4EB4C2C74BFDC0021E1C8 /* DearFriendApp.swift */; };
		BCD4EB4F2C74BFDC0021E1C8 /* ContentView.swift in Sources */ = {isa = PBXBuildFile; fileRef = BCD4EB4E2C74BFDC0021E1C8 /* ContentView.swift */; };
		BCD4EB512C74BFDD0021E1C8 /* Assets.xcassets in Resources */ = {isa = PBXBuildFile; fileRef = BCD4EB502C74BFDD0021E1C8 /* Assets.xcassets */; };
		BCD4EB542C74BFDD0021E1C8 /* Preview Assets.xcassets in Resources */ = {isa = PBXBuildFile; fileRef = BCD4EB532C74BFDD0021E1C8 /* Preview Assets.xcassets */; };
		BCD4EB5E2C77125D0021E1C8 /* ImagePredictor.swift in Sources */ = {isa = PBXBuildFile; fileRef = BCD4EB5D2C77125D0021E1C8 /* ImagePredictor.swift */; };
		BCD4EB632C77137A0021E1C8 /* CameraPreview.swift in Sources */ = {isa = PBXBuildFile; fileRef = BCD4EB622C77137A0021E1C8 /* CameraPreview.swift */; };
		BCD4EB652C7713B80021E1C8 /* ObjectRecognitionView.swift in Sources */ = {isa = PBXBuildFile; fileRef = BCD4EB642C7713B80021E1C8 /* ObjectRecognitionView.swift */; };
		BCD4EB672C7713EB0021E1C8 /* CameraViewModel.swift in Sources */ = {isa = PBXBuildFile; fileRef = BCD4EB662C7713EB0021E1C8 /* CameraViewModel.swift */; };
		BCD4EB692C77212B0021E1C8 /* MobileNet.mlmodel in Sources */ = {isa = PBXBuildFile; fileRef = BCD4EB682C77212B0021E1C8 /* MobileNet.mlmodel */; };
		BCD4EB732C7B15460021E1C8 /* VIMainSelectionView.swift in Sources */ = {isa = PBXBuildFile; fileRef = BCD4EB722C7B15460021E1C8 /* VIMainSelectionView.swift */; };
		BCD4EB752C7B16DB0021E1C8 /* TextRecognizer.swift in Sources */ = {isa = PBXBuildFile; fileRef = BCD4EB742C7B16DB0021E1C8 /* TextRecognizer.swift */; };
/* End PBXBuildFile section */

/* Begin PBXFileReference section */
		BCD4EB492C74BFDC0021E1C8 /* DearFriend.app */ = {isa = PBXFileReference; explicitFileType = wrapper.application; includeInIndex = 0; path = DearFriend.app; sourceTree = BUILT_PRODUCTS_DIR; };
		BCD4EB4C2C74BFDC0021E1C8 /* DearFriendApp.swift */ = {isa = PBXFileReference; lastKnownFileType = sourcecode.swift; path = DearFriendApp.swift; sourceTree = "<group>"; };
		BCD4EB4E2C74BFDC0021E1C8 /* ContentView.swift */ = {isa = PBXFileReference; lastKnownFileType = sourcecode.swift; path = ContentView.swift; sourceTree = "<group>"; };
		BCD4EB502C74BFDD0021E1C8 /* Assets.xcassets */ = {isa = PBXFileReference; lastKnownFileType = folder.assetcatalog; path = Assets.xcassets; sourceTree = "<group>"; };
		BCD4EB532C74BFDD0021E1C8 /* Preview Assets.xcassets */ = {isa = PBXFileReference; lastKnownFileType = folder.assetcatalog; path = "Preview Assets.xcassets"; sourceTree = "<group>"; };
		BCD4EB5D2C77125D0021E1C8 /* ImagePredictor.swift */ = {isa = PBXFileReference; lastKnownFileType = sourcecode.swift; path = ImagePredictor.swift; sourceTree = "<group>"; };
		BCD4EB622C77137A0021E1C8 /* CameraPreview.swift */ = {isa = PBXFileReference; lastKnownFileType = sourcecode.swift; path = CameraPreview.swift; sourceTree = "<group>"; };
		BCD4EB642C7713B80021E1C8 /* ObjectRecognitionView.swift */ = {isa = PBXFileReference; lastKnownFileType = sourcecode.swift; path = ObjectRecognitionView.swift; sourceTree = "<group>"; };
		BCD4EB662C7713EB0021E1C8 /* CameraViewModel.swift */ = {isa = PBXFileReference; lastKnownFileType = sourcecode.swift; path = CameraViewModel.swift; sourceTree = "<group>"; };
		BCD4EB682C77212B0021E1C8 /* MobileNet.mlmodel */ = {isa = PBXFileReference; lastKnownFileType = file.mlmodel; path = MobileNet.mlmodel; sourceTree = "<group>"; };
		BCD4EB722C7B15460021E1C8 /* VIMainSelectionView.swift */ = {isa = PBXFileReference; lastKnownFileType = sourcecode.swift; path = VIMainSelectionView.swift; sourceTree = "<group>"; };
		BCD4EB742C7B16DB0021E1C8 /* TextRecognizer.swift */ = {isa = PBXFileReference; lastKnownFileType = sourcecode.swift; path = TextRecognizer.swift; sourceTree = "<group>"; };
/* End PBXFileReference section */

/* Begin PBXFrameworksBuildPhase section */
		BCD4EB462C74BFDC0021E1C8 /* Frameworks */ = {
			isa = PBXFrameworksBuildPhase;
			buildActionMask = 2147483647;
			files = (
			);
			runOnlyForDeploymentPostprocessing = 0;
		};
/* End PBXFrameworksBuildPhase section */

/* Begin PBXGroup section */
		BCD4EB402C74BFDC0021E1C8 = {
			isa = PBXGroup;
			children = (
				BCD4EB4B2C74BFDC0021E1C8 /* DearFriend */,
				BCD4EB4A2C74BFDC0021E1C8 /* Products */,
			);
			sourceTree = "<group>";
		};
		BCD4EB4A2C74BFDC0021E1C8 /* Products */ = {
			isa = PBXGroup;
			children = (
				BCD4EB492C74BFDC0021E1C8 /* DearFriend.app */,
			);
			name = Products;
			sourceTree = "<group>";
		};
		BCD4EB4B2C74BFDC0021E1C8 /* DearFriend */ = {
			isa = PBXGroup;
			children = (
				BCD4EB612C77129A0021E1C8 /* MLModels */,
				BCD4EB5C2C76F7940021E1C8 /* Model */,
				BCD4EB5A2C76F77E0021E1C8 /* View */,
				BCD4EB5B2C76F7840021E1C8 /* ViewModel */,
				BCD4EB4C2C74BFDC0021E1C8 /* DearFriendApp.swift */,
				BCD4EB4E2C74BFDC0021E1C8 /* ContentView.swift */,
				BCD4EB502C74BFDD0021E1C8 /* Assets.xcassets */,
				BCD4EB522C74BFDD0021E1C8 /* Preview Content */,
			);
			path = DearFriend;
			sourceTree = "<group>";
		};
		BCD4EB522C74BFDD0021E1C8 /* Preview Content */ = {
			isa = PBXGroup;
			children = (
				BCD4EB532C74BFDD0021E1C8 /* Preview Assets.xcassets */,
			);
			path = "Preview Content";
			sourceTree = "<group>";
		};
		BCD4EB5A2C76F77E0021E1C8 /* View */ = {
			isa = PBXGroup;
			children = (
				BCD4EB6D2C7ADF080021E1C8 /* ObjectRecognition */,
				BCD4EB722C7B15460021E1C8 /* VIMainSelectionView.swift */,
			);
			path = View;
			sourceTree = "<group>";
		};
		BCD4EB5B2C76F7840021E1C8 /* ViewModel */ = {
			isa = PBXGroup;
			children = (
				BCD4EB662C7713EB0021E1C8 /* CameraViewModel.swift */,
			);
			path = ViewModel;
			sourceTree = "<group>";
		};
		BCD4EB5C2C76F7940021E1C8 /* Model */ = {
			isa = PBXGroup;
			children = (
				BCD4EB5D2C77125D0021E1C8 /* ImagePredictor.swift */,
				BCD4EB742C7B16DB0021E1C8 /* TextRecognizer.swift */,
			);
			path = Model;
			sourceTree = "<group>";
		};
		BCD4EB612C77129A0021E1C8 /* MLModels */ = {
			isa = PBXGroup;
			children = (
				BCD4EB682C77212B0021E1C8 /* MobileNet.mlmodel */,
			);
			path = MLModels;
			sourceTree = "<group>";
		};
		BCD4EB6D2C7ADF080021E1C8 /* ObjectRecognition */ = {
			isa = PBXGroup;
			children = (
				BCD4EB622C77137A0021E1C8 /* CameraPreview.swift */,
				BCD4EB642C7713B80021E1C8 /* ObjectRecognitionView.swift */,
			);
			path = ObjectRecognition;
			sourceTree = "<group>";
		};
/* End PBXGroup section */

/* Begin PBXNativeTarget section */
		BCD4EB482C74BFDC0021E1C8 /* DearFriend */ = {
			isa = PBXNativeTarget;
			buildConfigurationList = BCD4EB572C74BFDD0021E1C8 /* Build configuration list for PBXNativeTarget "DearFriend" */;
			buildPhases = (
				BCD4EB452C74BFDC0021E1C8 /* Sources */,
				BCD4EB462C74BFDC0021E1C8 /* Frameworks */,
				BCD4EB472C74BFDC0021E1C8 /* Resources */,
			);
			buildRules = (
			);
			dependencies = (
			);
			name = DearFriend;
			productName = DearFriend;
			productReference = BCD4EB492C74BFDC0021E1C8 /* DearFriend.app */;
			productType = "com.apple.product-type.application";
		};
/* End PBXNativeTarget section */

/* Begin PBXProject section */
		BCD4EB412C74BFDC0021E1C8 /* Project object */ = {
			isa = PBXProject;
			attributes = {
				BuildIndependentTargetsInParallel = 1;
				LastSwiftUpdateCheck = 1540;
				LastUpgradeCheck = 1540;
				TargetAttributes = {
					BCD4EB482C74BFDC0021E1C8 = {
						CreatedOnToolsVersion = 15.4;
					};
				};
			};
			buildConfigurationList = BCD4EB442C74BFDC0021E1C8 /* Build configuration list for PBXProject "DearFriend" */;
			compatibilityVersion = "Xcode 14.0";
			developmentRegion = en;
			hasScannedForEncodings = 0;
			knownRegions = (
				en,
				Base,
			);
			mainGroup = BCD4EB402C74BFDC0021E1C8;
			productRefGroup = BCD4EB4A2C74BFDC0021E1C8 /* Products */;
			projectDirPath = "";
			projectRoot = "";
			targets = (
				BCD4EB482C74BFDC0021E1C8 /* DearFriend */,
			);
		};
/* End PBXProject section */

/* Begin PBXResourcesBuildPhase section */
		BCD4EB472C74BFDC0021E1C8 /* Resources */ = {
			isa = PBXResourcesBuildPhase;
			buildActionMask = 2147483647;
			files = (
				BCD4EB542C74BFDD0021E1C8 /* Preview Assets.xcassets in Resources */,
				BCD4EB512C74BFDD0021E1C8 /* Assets.xcassets in Resources */,
			);
			runOnlyForDeploymentPostprocessing = 0;
		};
/* End PBXResourcesBuildPhase section */

/* Begin PBXSourcesBuildPhase section */
		BCD4EB452C74BFDC0021E1C8 /* Sources */ = {
			isa = PBXSourcesBuildPhase;
			buildActionMask = 2147483647;
			files = (
				BCD4EB632C77137A0021E1C8 /* CameraPreview.swift in Sources */,
				BCD4EB732C7B15460021E1C8 /* VIMainSelectionView.swift in Sources */,
				BCD4EB4F2C74BFDC0021E1C8 /* ContentView.swift in Sources */,
				BCD4EB5E2C77125D0021E1C8 /* ImagePredictor.swift in Sources */,
				BCD4EB672C7713EB0021E1C8 /* CameraViewModel.swift in Sources */,
				BCD4EB4D2C74BFDC0021E1C8 /* DearFriendApp.swift in Sources */,
				BCD4EB692C77212B0021E1C8 /* MobileNet.mlmodel in Sources */,
				BCD4EB752C7B16DB0021E1C8 /* TextRecognizer.swift in Sources */,
				BCD4EB652C7713B80021E1C8 /* ObjectRecognitionView.swift in Sources */,
			);
			runOnlyForDeploymentPostprocessing = 0;
		};
/* End PBXSourcesBuildPhase section */

/* Begin XCBuildConfiguration section */
		BCD4EB552C74BFDD0021E1C8 /* Debug */ = {
			isa = XCBuildConfiguration;
			buildSettings = {
				ALWAYS_SEARCH_USER_PATHS = NO;
				ASSETCATALOG_COMPILER_GENERATE_SWIFT_ASSET_SYMBOL_EXTENSIONS = YES;
				CLANG_ANALYZER_NONNULL = YES;
				CLANG_ANALYZER_NUMBER_OBJECT_CONVERSION = YES_AGGRESSIVE;
				CLANG_CXX_LANGUAGE_STANDARD = "gnu++20";
				CLANG_ENABLE_MODULES = YES;
				CLANG_ENABLE_OBJC_ARC = YES;
				CLANG_ENABLE_OBJC_WEAK = YES;
				CLANG_WARN_BLOCK_CAPTURE_AUTORELEASING = YES;
				CLANG_WARN_BOOL_CONVERSION = YES;
				CLANG_WARN_COMMA = YES;
				CLANG_WARN_CONSTANT_CONVERSION = YES;
				CLANG_WARN_DEPRECATED_OBJC_IMPLEMENTATIONS = YES;
				CLANG_WARN_DIRECT_OBJC_ISA_USAGE = YES_ERROR;
				CLANG_WARN_DOCUMENTATION_COMMENTS = YES;
				CLANG_WARN_EMPTY_BODY = YES;
				CLANG_WARN_ENUM_CONVERSION = YES;
				CLANG_WARN_INFINITE_RECURSION = YES;
				CLANG_WARN_INT_CONVERSION = YES;
				CLANG_WARN_NON_LITERAL_NULL_CONVERSION = YES;
				CLANG_WARN_OBJC_IMPLICIT_RETAIN_SELF = YES;
				CLANG_WARN_OBJC_LITERAL_CONVERSION = YES;
				CLANG_WARN_OBJC_ROOT_CLASS = YES_ERROR;
				CLANG_WARN_QUOTED_INCLUDE_IN_FRAMEWORK_HEADER = YES;
				CLANG_WARN_RANGE_LOOP_ANALYSIS = YES;
				CLANG_WARN_STRICT_PROTOTYPES = YES;
				CLANG_WARN_SUSPICIOUS_MOVE = YES;
				CLANG_WARN_UNGUARDED_AVAILABILITY = YES_AGGRESSIVE;
				CLANG_WARN_UNREACHABLE_CODE = YES;
				CLANG_WARN__DUPLICATE_METHOD_MATCH = YES;
				COPY_PHASE_STRIP = NO;
				DEBUG_INFORMATION_FORMAT = dwarf;
				ENABLE_STRICT_OBJC_MSGSEND = YES;
				ENABLE_TESTABILITY = YES;
				ENABLE_USER_SCRIPT_SANDBOXING = YES;
				GCC_C_LANGUAGE_STANDARD = gnu17;
				GCC_DYNAMIC_NO_PIC = NO;
				GCC_NO_COMMON_BLOCKS = YES;
				GCC_OPTIMIZATION_LEVEL = 0;
				GCC_PREPROCESSOR_DEFINITIONS = (
					"DEBUG=1",
					"$(inherited)",
				);
				GCC_WARN_64_TO_32_BIT_CONVERSION = YES;
				GCC_WARN_ABOUT_RETURN_TYPE = YES_ERROR;
				GCC_WARN_UNDECLARED_SELECTOR = YES;
				GCC_WARN_UNINITIALIZED_AUTOS = YES_AGGRESSIVE;
				GCC_WARN_UNUSED_FUNCTION = YES;
				GCC_WARN_UNUSED_VARIABLE = YES;
				IPHONEOS_DEPLOYMENT_TARGET = 17.5;
				LOCALIZATION_PREFERS_STRING_CATALOGS = YES;
				MTL_ENABLE_DEBUG_INFO = INCLUDE_SOURCE;
				MTL_FAST_MATH = YES;
				ONLY_ACTIVE_ARCH = YES;
				SDKROOT = iphoneos;
				SWIFT_ACTIVE_COMPILATION_CONDITIONS = "DEBUG $(inherited)";
				SWIFT_OPTIMIZATION_LEVEL = "-Onone";
			};
			name = Debug;
		};
		BCD4EB562C74BFDD0021E1C8 /* Release */ = {
			isa = XCBuildConfiguration;
			buildSettings = {
				ALWAYS_SEARCH_USER_PATHS = NO;
				ASSETCATALOG_COMPILER_GENERATE_SWIFT_ASSET_SYMBOL_EXTENSIONS = YES;
				CLANG_ANALYZER_NONNULL = YES;
				CLANG_ANALYZER_NUMBER_OBJECT_CONVERSION = YES_AGGRESSIVE;
				CLANG_CXX_LANGUAGE_STANDARD = "gnu++20";
				CLANG_ENABLE_MODULES = YES;
				CLANG_ENABLE_OBJC_ARC = YES;
				CLANG_ENABLE_OBJC_WEAK = YES;
				CLANG_WARN_BLOCK_CAPTURE_AUTORELEASING = YES;
				CLANG_WARN_BOOL_CONVERSION = YES;
				CLANG_WARN_COMMA = YES;
				CLANG_WARN_CONSTANT_CONVERSION = YES;
				CLANG_WARN_DEPRECATED_OBJC_IMPLEMENTATIONS = YES;
				CLANG_WARN_DIRECT_OBJC_ISA_USAGE = YES_ERROR;
				CLANG_WARN_DOCUMENTATION_COMMENTS = YES;
				CLANG_WARN_EMPTY_BODY = YES;
				CLANG_WARN_ENUM_CONVERSION = YES;
				CLANG_WARN_INFINITE_RECURSION = YES;
				CLANG_WARN_INT_CONVERSION = YES;
				CLANG_WARN_NON_LITERAL_NULL_CONVERSION = YES;
				CLANG_WARN_OBJC_IMPLICIT_RETAIN_SELF = YES;
				CLANG_WARN_OBJC_LITERAL_CONVERSION = YES;
				CLANG_WARN_OBJC_ROOT_CLASS = YES_ERROR;
				CLANG_WARN_QUOTED_INCLUDE_IN_FRAMEWORK_HEADER = YES;
				CLANG_WARN_RANGE_LOOP_ANALYSIS = YES;
				CLANG_WARN_STRICT_PROTOTYPES = YES;
				CLANG_WARN_SUSPICIOUS_MOVE = YES;
				CLANG_WARN_UNGUARDED_AVAILABILITY = YES_AGGRESSIVE;
				CLANG_WARN_UNREACHABLE_CODE = YES;
				CLANG_WARN__DUPLICATE_METHOD_MATCH = YES;
				COPY_PHASE_STRIP = NO;
				DEBUG_INFORMATION_FORMAT = "dwarf-with-dsym";
				ENABLE_NS_ASSERTIONS = NO;
				ENABLE_STRICT_OBJC_MSGSEND = YES;
				ENABLE_USER_SCRIPT_SANDBOXING = YES;
				GCC_C_LANGUAGE_STANDARD = gnu17;
				GCC_NO_COMMON_BLOCKS = YES;
				GCC_WARN_64_TO_32_BIT_CONVERSION = YES;
				GCC_WARN_ABOUT_RETURN_TYPE = YES_ERROR;
				GCC_WARN_UNDECLARED_SELECTOR = YES;
				GCC_WARN_UNINITIALIZED_AUTOS = YES_AGGRESSIVE;
				GCC_WARN_UNUSED_FUNCTION = YES;
				GCC_WARN_UNUSED_VARIABLE = YES;
				IPHONEOS_DEPLOYMENT_TARGET = 17.5;
				LOCALIZATION_PREFERS_STRING_CATALOGS = YES;
				MTL_ENABLE_DEBUG_INFO = NO;
				MTL_FAST_MATH = YES;
				SDKROOT = iphoneos;
				SWIFT_COMPILATION_MODE = wholemodule;
				VALIDATE_PRODUCT = YES;
			};
			name = Release;
		};
		BCD4EB582C74BFDD0021E1C8 /* Debug */ = {
			isa = XCBuildConfiguration;
			buildSettings = {
				ASSETCATALOG_COMPILER_APPICON_NAME = AppIcon;
				ASSETCATALOG_COMPILER_GLOBAL_ACCENT_COLOR_NAME = AccentColor;
				CODE_SIGN_STYLE = Automatic;
				CURRENT_PROJECT_VERSION = 1;
				DEVELOPMENT_ASSET_PATHS = "\"DearFriend/Preview Content\"";
				DEVELOPMENT_TEAM = QZHA5PV55X;
				ENABLE_PREVIEWS = YES;
				GENERATE_INFOPLIST_FILE = YES;
				INFOPLIST_KEY_UIApplicationSceneManifest_Generation = YES;
				INFOPLIST_KEY_UIApplicationSupportsIndirectInputEvents = YES;
				INFOPLIST_KEY_UILaunchScreen_Generation = YES;
				INFOPLIST_KEY_UISupportedInterfaceOrientations_iPad = "UIInterfaceOrientationPortrait UIInterfaceOrientationPortraitUpsideDown UIInterfaceOrientationLandscapeLeft UIInterfaceOrientationLandscapeRight";
				INFOPLIST_KEY_UISupportedInterfaceOrientations_iPhone = "UIInterfaceOrientationPortrait UIInterfaceOrientationLandscapeLeft UIInterfaceOrientationLandscapeRight";
				LD_RUNPATH_SEARCH_PATHS = (
					"$(inherited)",
					"@executable_path/Frameworks",
				);
				MARKETING_VERSION = 1.0;
				PRODUCT_BUNDLE_IDENTIFIER = com.minhha.DearFriend;
				PRODUCT_NAME = "$(TARGET_NAME)";
				SWIFT_EMIT_LOC_STRINGS = YES;
				SWIFT_VERSION = 5.0;
				TARGETED_DEVICE_FAMILY = "1,2";
			};
			name = Debug;
		};
		BCD4EB592C74BFDD0021E1C8 /* Release */ = {
			isa = XCBuildConfiguration;
			buildSettings = {
				ASSETCATALOG_COMPILER_APPICON_NAME = AppIcon;
				ASSETCATALOG_COMPILER_GLOBAL_ACCENT_COLOR_NAME = AccentColor;
				CODE_SIGN_STYLE = Automatic;
				CURRENT_PROJECT_VERSION = 1;
				DEVELOPMENT_ASSET_PATHS = "\"DearFriend/Preview Content\"";
				DEVELOPMENT_TEAM = QZHA5PV55X;
				ENABLE_PREVIEWS = YES;
				GENERATE_INFOPLIST_FILE = YES;
				INFOPLIST_KEY_UIApplicationSceneManifest_Generation = YES;
				INFOPLIST_KEY_UIApplicationSupportsIndirectInputEvents = YES;
				INFOPLIST_KEY_UILaunchScreen_Generation = YES;
				INFOPLIST_KEY_UISupportedInterfaceOrientations_iPad = "UIInterfaceOrientationPortrait UIInterfaceOrientationPortraitUpsideDown UIInterfaceOrientationLandscapeLeft UIInterfaceOrientationLandscapeRight";
				INFOPLIST_KEY_UISupportedInterfaceOrientations_iPhone = "UIInterfaceOrientationPortrait UIInterfaceOrientationLandscapeLeft UIInterfaceOrientationLandscapeRight";
				LD_RUNPATH_SEARCH_PATHS = (
					"$(inherited)",
					"@executable_path/Frameworks",
				);
				MARKETING_VERSION = 1.0;
				PRODUCT_BUNDLE_IDENTIFIER = com.minhha.DearFriend;
				PRODUCT_NAME = "$(TARGET_NAME)";
				SWIFT_EMIT_LOC_STRINGS = YES;
				SWIFT_VERSION = 5.0;
				TARGETED_DEVICE_FAMILY = "1,2";
			};
			name = Release;
		};
/* End XCBuildConfiguration section */

/* Begin XCConfigurationList section */
		BCD4EB442C74BFDC0021E1C8 /* Build configuration list for PBXProject "DearFriend" */ = {
			isa = XCConfigurationList;
			buildConfigurations = (
				BCD4EB552C74BFDD0021E1C8 /* Debug */,
				BCD4EB562C74BFDD0021E1C8 /* Release */,
			);
			defaultConfigurationIsVisible = 0;
			defaultConfigurationName = Release;
		};
		BCD4EB572C74BFDD0021E1C8 /* Build configuration list for PBXNativeTarget "DearFriend" */ = {
			isa = XCConfigurationList;
			buildConfigurations = (
				BCD4EB582C74BFDD0021E1C8 /* Debug */,
				BCD4EB592C74BFDD0021E1C8 /* Release */,
			);
			defaultConfigurationIsVisible = 0;
			defaultConfigurationName = Release;
		};
/* End XCConfigurationList section */
	};
	rootObject = BCD4EB412C74BFDC0021E1C8 /* Project object */;
}
