// !$*UTF8*$!
{
	archiveVersion = 1;
	classes = {
	};
	objectVersion = 56;
	objects = {

/* Begin PBXBuildFile section */
		BC74F4ED2C92ECA100184ADF /* ConversationView.swift in Sources */ = {isa = PBXBuildFile; fileRef = BC74F4EC2C92ECA100184ADF /* ConversationView.swift */; };
		BC74F4EF2C92ECCF00184ADF /* LocationManager.swift in Sources */ = {isa = PBXBuildFile; fileRef = BC74F4EE2C92ECCF00184ADF /* LocationManager.swift */; };
		BC74F5172C98459300184ADF /* Login_VolunteerHome.swift in Sources */ = {isa = PBXBuildFile; fileRef = BC74F5152C98459300184ADF /* Login_VolunteerHome.swift */; };
		BC74F5192C98459B00184ADF /* VolunteerHome.swift in Sources */ = {isa = PBXBuildFile; fileRef = BC74F5182C98459B00184ADF /* VolunteerHome.swift */; };
		BC74F51C2C9845C600184ADF /* StreamVideo in Frameworks */ = {isa = PBXBuildFile; productRef = BC74F51B2C9845C600184ADF /* StreamVideo */; };
		BC74F51E2C9845C600184ADF /* StreamVideoSwiftUI in Frameworks */ = {isa = PBXBuildFile; productRef = BC74F51D2C9845C600184ADF /* StreamVideoSwiftUI */; };
		BC74F5202C9845C600184ADF /* StreamVideoUIKit in Frameworks */ = {isa = PBXBuildFile; productRef = BC74F51F2C9845C600184ADF /* StreamVideoUIKit */; };
		BC74F5232C9846B700184ADF /* CallView.swift in Sources */ = {isa = PBXBuildFile; fileRef = BC74F5222C9846B700184ADF /* CallView.swift */; };
		BC74F5252C9846D400184ADF /* FloatingParticipantView.swift in Sources */ = {isa = PBXBuildFile; fileRef = BC74F5242C9846D400184ADF /* FloatingParticipantView.swift */; };
		BC74F5272C9846E900184ADF /* ParticipantsView.swift in Sources */ = {isa = PBXBuildFile; fileRef = BC74F5262C9846E900184ADF /* ParticipantsView.swift */; };
		BC74F5292C98A02C00184ADF /* StartView_VIMainSelectionView.swift in Sources */ = {isa = PBXBuildFile; fileRef = BC74F5282C98A02C00184ADF /* StartView_VIMainSelectionView.swift */; };
		BC74F52C2C99247D00184ADF /* ProfileIcon.swift in Sources */ = {isa = PBXBuildFile; fileRef = BC74F52B2C99247D00184ADF /* ProfileIcon.swift */; };
		BC74F52E2C9924A900184ADF /* ProfileView.swift in Sources */ = {isa = PBXBuildFile; fileRef = BC74F52D2C9924A900184ADF /* ProfileView.swift */; };
		BC74F5302C99275700184ADF /* ProfileFieldView.swift in Sources */ = {isa = PBXBuildFile; fileRef = BC74F52F2C99275700184ADF /* ProfileFieldView.swift */; };
		BC74F5322C9927C700184ADF /* ProfileField.swift in Sources */ = {isa = PBXBuildFile; fileRef = BC74F5312C9927C700184ADF /* ProfileField.swift */; };
		BC74F5342C99285900184ADF /* ProfileDetails.swift in Sources */ = {isa = PBXBuildFile; fileRef = BC74F5332C99285900184ADF /* ProfileDetails.swift */; };
		BC74F5362C992BCE00184ADF /* VolunteerHome_ProfileView.swift in Sources */ = {isa = PBXBuildFile; fileRef = BC74F5352C992BCE00184ADF /* VolunteerHome_ProfileView.swift */; };
		BCBB884E2C8FF0EE00269A8B /* StartView.swift in Sources */ = {isa = PBXBuildFile; fileRef = BCBB884D2C8FF0EE00269A8B /* StartView.swift */; };
		BCBB88502C9028AF00269A8B /* FirebaseAuth in Frameworks */ = {isa = PBXBuildFile; productRef = BCBB884F2C9028AF00269A8B /* FirebaseAuth */; };
		BCBB88522C9028C300269A8B /* FirebaseDatabase in Frameworks */ = {isa = PBXBuildFile; productRef = BCBB88512C9028C300269A8B /* FirebaseDatabase */; };
		BCBB88542C9028E800269A8B /* FirebaseFirestore in Frameworks */ = {isa = PBXBuildFile; productRef = BCBB88532C9028E800269A8B /* FirebaseFirestore */; };
		BCBB88562C9028E800269A8B /* FirebaseFirestoreCombine-Community in Frameworks */ = {isa = PBXBuildFile; productRef = BCBB88552C9028E800269A8B /* FirebaseFirestoreCombine-Community */; };
		BCBB88582C90290900269A8B /* FirebaseStorage in Frameworks */ = {isa = PBXBuildFile; productRef = BCBB88572C90290900269A8B /* FirebaseStorage */; };
		BCBB885A2C90290900269A8B /* FirebaseStorageCombine-Community in Frameworks */ = {isa = PBXBuildFile; productRef = BCBB88592C90290900269A8B /* FirebaseStorageCombine-Community */; };
		BCBB88642C91EF2300269A8B /* Volunteer.swift in Sources */ = {isa = PBXBuildFile; fileRef = BCBB88632C91EF2300269A8B /* Volunteer.swift */; };
		BCBB88662C91F46100269A8B /* AuthViewModel.swift in Sources */ = {isa = PBXBuildFile; fileRef = BCBB88652C91F46100269A8B /* AuthViewModel.swift */; };
		BCD4EB4D2C74BFDC0021E1C8 /* DearFriendApp.swift in Sources */ = {isa = PBXBuildFile; fileRef = BCD4EB4C2C74BFDC0021E1C8 /* DearFriendApp.swift */; };
		BCD4EB4F2C74BFDC0021E1C8 /* ContentView.swift in Sources */ = {isa = PBXBuildFile; fileRef = BCD4EB4E2C74BFDC0021E1C8 /* ContentView.swift */; };
		BCD4EB512C74BFDD0021E1C8 /* Assets.xcassets in Resources */ = {isa = PBXBuildFile; fileRef = BCD4EB502C74BFDD0021E1C8 /* Assets.xcassets */; };
		BCD4EB542C74BFDD0021E1C8 /* Preview Assets.xcassets in Resources */ = {isa = PBXBuildFile; fileRef = BCD4EB532C74BFDD0021E1C8 /* Preview Assets.xcassets */; };
		BCD4EB5E2C77125D0021E1C8 /* ImagePredictor.swift in Sources */ = {isa = PBXBuildFile; fileRef = BCD4EB5D2C77125D0021E1C8 /* ImagePredictor.swift */; };
		BCD4EB632C77137A0021E1C8 /* CameraPreview.swift in Sources */ = {isa = PBXBuildFile; fileRef = BCD4EB622C77137A0021E1C8 /* CameraPreview.swift */; };
		BCD4EB652C7713B80021E1C8 /* RecognitionView.swift in Sources */ = {isa = PBXBuildFile; fileRef = BCD4EB642C7713B80021E1C8 /* RecognitionView.swift */; };
		BCD4EB672C7713EB0021E1C8 /* CameraViewModel.swift in Sources */ = {isa = PBXBuildFile; fileRef = BCD4EB662C7713EB0021E1C8 /* CameraViewModel.swift */; };
		BCD4EB692C77212B0021E1C8 /* MobileNet.mlmodel in Sources */ = {isa = PBXBuildFile; fileRef = BCD4EB682C77212B0021E1C8 /* MobileNet.mlmodel */; };
		BCD4EB732C7B15460021E1C8 /* VIMainSelectionView.swift in Sources */ = {isa = PBXBuildFile; fileRef = BCD4EB722C7B15460021E1C8 /* VIMainSelectionView.swift */; };
		BCD4EB752C7B16DB0021E1C8 /* TextRecognizer.swift in Sources */ = {isa = PBXBuildFile; fileRef = BCD4EB742C7B16DB0021E1C8 /* TextRecognizer.swift */; };
		BCD4EB782C7C39330021E1C8 /* LoginView.swift in Sources */ = {isa = PBXBuildFile; fileRef = BCD4EB772C7C39330021E1C8 /* LoginView.swift */; };
		BCD4EB7A2C7C39760021E1C8 /* Registration.swift in Sources */ = {isa = PBXBuildFile; fileRef = BCD4EB792C7C39760021E1C8 /* Registration.swift */; };
		BCD4EB7C2C7C399E0021E1C8 /* InputView.swift in Sources */ = {isa = PBXBuildFile; fileRef = BCD4EB7B2C7C399E0021E1C8 /* InputView.swift */; };
		BCD4EB8D2C7CC62F0021E1C8 /* GoogleService-Info.plist in Resources */ = {isa = PBXBuildFile; fileRef = BCD4EB8C2C7CC62F0021E1C8 /* GoogleService-Info.plist */; };
/* End PBXBuildFile section */

/* Begin PBXFileReference section */
		BC74F4EC2C92ECA100184ADF /* ConversationView.swift */ = {isa = PBXFileReference; lastKnownFileType = sourcecode.swift; path = ConversationView.swift; sourceTree = "<group>"; };
		BC74F4EE2C92ECCF00184ADF /* LocationManager.swift */ = {isa = PBXFileReference; lastKnownFileType = sourcecode.swift; path = LocationManager.swift; sourceTree = "<group>"; };
		BC74F5152C98459300184ADF /* Login_VolunteerHome.swift */ = {isa = PBXFileReference; fileEncoding = 4; lastKnownFileType = sourcecode.swift; path = Login_VolunteerHome.swift; sourceTree = "<group>"; };
		BC74F5182C98459B00184ADF /* VolunteerHome.swift */ = {isa = PBXFileReference; fileEncoding = 4; lastKnownFileType = sourcecode.swift; path = VolunteerHome.swift; sourceTree = "<group>"; };
		BC74F5222C9846B700184ADF /* CallView.swift */ = {isa = PBXFileReference; lastKnownFileType = sourcecode.swift; path = CallView.swift; sourceTree = "<group>"; };
		BC74F5242C9846D400184ADF /* FloatingParticipantView.swift */ = {isa = PBXFileReference; lastKnownFileType = sourcecode.swift; path = FloatingParticipantView.swift; sourceTree = "<group>"; };
		BC74F5262C9846E900184ADF /* ParticipantsView.swift */ = {isa = PBXFileReference; lastKnownFileType = sourcecode.swift; path = ParticipantsView.swift; sourceTree = "<group>"; };
		BC74F5282C98A02C00184ADF /* StartView_VIMainSelectionView.swift */ = {isa = PBXFileReference; lastKnownFileType = sourcecode.swift; path = StartView_VIMainSelectionView.swift; sourceTree = "<group>"; };
		BC74F52B2C99247D00184ADF /* ProfileIcon.swift */ = {isa = PBXFileReference; lastKnownFileType = sourcecode.swift; path = ProfileIcon.swift; sourceTree = "<group>"; };
		BC74F52D2C9924A900184ADF /* ProfileView.swift */ = {isa = PBXFileReference; lastKnownFileType = sourcecode.swift; path = ProfileView.swift; sourceTree = "<group>"; };
		BC74F52F2C99275700184ADF /* ProfileFieldView.swift */ = {isa = PBXFileReference; lastKnownFileType = sourcecode.swift; path = ProfileFieldView.swift; sourceTree = "<group>"; };
		BC74F5312C9927C700184ADF /* ProfileField.swift */ = {isa = PBXFileReference; lastKnownFileType = sourcecode.swift; path = ProfileField.swift; sourceTree = "<group>"; };
		BC74F5332C99285900184ADF /* ProfileDetails.swift */ = {isa = PBXFileReference; lastKnownFileType = sourcecode.swift; path = ProfileDetails.swift; sourceTree = "<group>"; };
		BC74F5352C992BCE00184ADF /* VolunteerHome_ProfileView.swift */ = {isa = PBXFileReference; lastKnownFileType = sourcecode.swift; path = VolunteerHome_ProfileView.swift; sourceTree = "<group>"; };
		BCBB884D2C8FF0EE00269A8B /* StartView.swift */ = {isa = PBXFileReference; lastKnownFileType = sourcecode.swift; path = StartView.swift; sourceTree = "<group>"; };
		BCBB88632C91EF2300269A8B /* Volunteer.swift */ = {isa = PBXFileReference; lastKnownFileType = sourcecode.swift; path = Volunteer.swift; sourceTree = "<group>"; };
		BCBB88652C91F46100269A8B /* AuthViewModel.swift */ = {isa = PBXFileReference; lastKnownFileType = sourcecode.swift; path = AuthViewModel.swift; sourceTree = "<group>"; };
		BCD4EB492C74BFDC0021E1C8 /* DearFriend.app */ = {isa = PBXFileReference; explicitFileType = wrapper.application; includeInIndex = 0; path = DearFriend.app; sourceTree = BUILT_PRODUCTS_DIR; };
		BCD4EB4C2C74BFDC0021E1C8 /* DearFriendApp.swift */ = {isa = PBXFileReference; lastKnownFileType = sourcecode.swift; path = DearFriendApp.swift; sourceTree = "<group>"; };
		BCD4EB4E2C74BFDC0021E1C8 /* ContentView.swift */ = {isa = PBXFileReference; lastKnownFileType = sourcecode.swift; path = ContentView.swift; sourceTree = "<group>"; };
		BCD4EB502C74BFDD0021E1C8 /* Assets.xcassets */ = {isa = PBXFileReference; lastKnownFileType = folder.assetcatalog; path = Assets.xcassets; sourceTree = "<group>"; };
		BCD4EB532C74BFDD0021E1C8 /* Preview Assets.xcassets */ = {isa = PBXFileReference; lastKnownFileType = folder.assetcatalog; path = "Preview Assets.xcassets"; sourceTree = "<group>"; };
		BCD4EB5D2C77125D0021E1C8 /* ImagePredictor.swift */ = {isa = PBXFileReference; lastKnownFileType = sourcecode.swift; path = ImagePredictor.swift; sourceTree = "<group>"; };
		BCD4EB622C77137A0021E1C8 /* CameraPreview.swift */ = {isa = PBXFileReference; lastKnownFileType = sourcecode.swift; path = CameraPreview.swift; sourceTree = "<group>"; };
		BCD4EB642C7713B80021E1C8 /* RecognitionView.swift */ = {isa = PBXFileReference; lastKnownFileType = sourcecode.swift; path = RecognitionView.swift; sourceTree = "<group>"; };
		BCD4EB662C7713EB0021E1C8 /* CameraViewModel.swift */ = {isa = PBXFileReference; lastKnownFileType = sourcecode.swift; path = CameraViewModel.swift; sourceTree = "<group>"; };
		BCD4EB682C77212B0021E1C8 /* MobileNet.mlmodel */ = {isa = PBXFileReference; lastKnownFileType = file.mlmodel; path = MobileNet.mlmodel; sourceTree = "<group>"; };
		BCD4EB722C7B15460021E1C8 /* VIMainSelectionView.swift */ = {isa = PBXFileReference; lastKnownFileType = sourcecode.swift; path = VIMainSelectionView.swift; sourceTree = "<group>"; };
		BCD4EB742C7B16DB0021E1C8 /* TextRecognizer.swift */ = {isa = PBXFileReference; lastKnownFileType = sourcecode.swift; path = TextRecognizer.swift; sourceTree = "<group>"; };
		BCD4EB772C7C39330021E1C8 /* LoginView.swift */ = {isa = PBXFileReference; lastKnownFileType = sourcecode.swift; path = LoginView.swift; sourceTree = "<group>"; };
		BCD4EB792C7C39760021E1C8 /* Registration.swift */ = {isa = PBXFileReference; lastKnownFileType = sourcecode.swift; path = Registration.swift; sourceTree = "<group>"; };
		BCD4EB7B2C7C399E0021E1C8 /* InputView.swift */ = {isa = PBXFileReference; lastKnownFileType = sourcecode.swift; path = InputView.swift; sourceTree = "<group>"; };
		BCD4EB8C2C7CC62F0021E1C8 /* GoogleService-Info.plist */ = {isa = PBXFileReference; fileEncoding = 4; lastKnownFileType = text.plist.xml; path = "GoogleService-Info.plist"; sourceTree = "<group>"; };
/* End PBXFileReference section */

/* Begin PBXFrameworksBuildPhase section */
		BCD4EB462C74BFDC0021E1C8 /* Frameworks */ = {
			isa = PBXFrameworksBuildPhase;
			buildActionMask = 2147483647;
			files = (
				BC74F51E2C9845C600184ADF /* StreamVideoSwiftUI in Frameworks */,
				BCBB88522C9028C300269A8B /* FirebaseDatabase in Frameworks */,
				BCBB88502C9028AF00269A8B /* FirebaseAuth in Frameworks */,
				BCBB88562C9028E800269A8B /* FirebaseFirestoreCombine-Community in Frameworks */,
				BCBB88582C90290900269A8B /* FirebaseStorage in Frameworks */,
				BCBB885A2C90290900269A8B /* FirebaseStorageCombine-Community in Frameworks */,
				BC74F51C2C9845C600184ADF /* StreamVideo in Frameworks */,
				BC74F5202C9845C600184ADF /* StreamVideoUIKit in Frameworks */,
				BCBB88542C9028E800269A8B /* FirebaseFirestore in Frameworks */,
			);
			runOnlyForDeploymentPostprocessing = 0;
		};
/* End PBXFrameworksBuildPhase section */

/* Begin PBXGroup section */
		BC74F4EB2C92EC8B00184ADF /* EmergencyAlert */ = {
			isa = PBXGroup;
			children = (
				BC74F4EC2C92ECA100184ADF /* ConversationView.swift */,
				BC74F4EE2C92ECCF00184ADF /* LocationManager.swift */,
			);
			path = EmergencyAlert;
			sourceTree = "<group>";
		};
		BC74F5162C98459300184ADF /* Navigation */ = {
			isa = PBXGroup;
			children = (
				BC74F5152C98459300184ADF /* Login_VolunteerHome.swift */,
				BC74F5282C98A02C00184ADF /* StartView_VIMainSelectionView.swift */,
				BC74F5352C992BCE00184ADF /* VolunteerHome_ProfileView.swift */,
			);
			path = Navigation;
			sourceTree = "<group>";
		};
		BC74F5212C98466B00184ADF /* VideoCall */ = {
			isa = PBXGroup;
			children = (
				BC74F5242C9846D400184ADF /* FloatingParticipantView.swift */,
				BC74F5262C9846E900184ADF /* ParticipantsView.swift */,
				BC74F5222C9846B700184ADF /* CallView.swift */,
			);
			path = VideoCall;
			sourceTree = "<group>";
		};
		BC74F52A2C99246700184ADF /* Profile */ = {
			isa = PBXGroup;
			children = (
				BC74F52B2C99247D00184ADF /* ProfileIcon.swift */,
				BC74F52F2C99275700184ADF /* ProfileFieldView.swift */,
				BC74F52D2C9924A900184ADF /* ProfileView.swift */,
				BC74F5332C99285900184ADF /* ProfileDetails.swift */,
			);
			path = Profile;
			sourceTree = "<group>";
		};
		BCD4EB402C74BFDC0021E1C8 = {
			isa = PBXGroup;
			children = (
				BCD4EB4B2C74BFDC0021E1C8 /* DearFriend */,
				BCD4EB4A2C74BFDC0021E1C8 /* Products */,
			);
			sourceTree = "<group>";
		};
		BCD4EB4A2C74BFDC0021E1C8 /* Products */ = {
			isa = PBXGroup;
			children = (
				BCD4EB492C74BFDC0021E1C8 /* DearFriend.app */,
			);
			name = Products;
			sourceTree = "<group>";
		};
		BCD4EB4B2C74BFDC0021E1C8 /* DearFriend */ = {
			isa = PBXGroup;
			children = (
				BCD4EB8C2C7CC62F0021E1C8 /* GoogleService-Info.plist */,
				BCD4EB612C77129A0021E1C8 /* MLModels */,
				BCD4EB5C2C76F7940021E1C8 /* Model */,
				BCD4EB5A2C76F77E0021E1C8 /* View */,
				BCD4EB5B2C76F7840021E1C8 /* ViewModel */,
				BCD4EB4C2C74BFDC0021E1C8 /* DearFriendApp.swift */,
				BCD4EB4E2C74BFDC0021E1C8 /* ContentView.swift */,
				BCD4EB502C74BFDD0021E1C8 /* Assets.xcassets */,
				BCD4EB522C74BFDD0021E1C8 /* Preview Content */,
			);
			path = DearFriend;
			sourceTree = "<group>";
		};
		BCD4EB522C74BFDD0021E1C8 /* Preview Content */ = {
			isa = PBXGroup;
			children = (
				BCD4EB532C74BFDD0021E1C8 /* Preview Assets.xcassets */,
			);
			path = "Preview Content";
			sourceTree = "<group>";
		};
		BCD4EB5A2C76F77E0021E1C8 /* View */ = {
			isa = PBXGroup;
			children = (
				BC74F5162C98459300184ADF /* Navigation */,
				BC74F4EB2C92EC8B00184ADF /* EmergencyAlert */,
				BCD4EB762C7C39180021E1C8 /* Authentication */,
				BCD4EB6D2C7ADF080021E1C8 /* Object+TextRecognition */,
				BC74F5212C98466B00184ADF /* VideoCall */,
				BC74F52A2C99246700184ADF /* Profile */,
				BCD4EB722C7B15460021E1C8 /* VIMainSelectionView.swift */,
				BC74F5182C98459B00184ADF /* VolunteerHome.swift */,
				BCBB884D2C8FF0EE00269A8B /* StartView.swift */,
			);
			path = View;
			sourceTree = "<group>";
		};
		BCD4EB5B2C76F7840021E1C8 /* ViewModel */ = {
			isa = PBXGroup;
			children = (
				BCD4EB662C7713EB0021E1C8 /* CameraViewModel.swift */,
				BCBB88652C91F46100269A8B /* AuthViewModel.swift */,
			);
			path = ViewModel;
			sourceTree = "<group>";
		};
		BCD4EB5C2C76F7940021E1C8 /* Model */ = {
			isa = PBXGroup;
			children = (
				BCD4EB5D2C77125D0021E1C8 /* ImagePredictor.swift */,
				BCD4EB742C7B16DB0021E1C8 /* TextRecognizer.swift */,
				BCBB88632C91EF2300269A8B /* Volunteer.swift */,
				BC74F5312C9927C700184ADF /* ProfileField.swift */,
			);
			path = Model;
			sourceTree = "<group>";
		};
		BCD4EB612C77129A0021E1C8 /* MLModels */ = {
			isa = PBXGroup;
			children = (
				BCD4EB682C77212B0021E1C8 /* MobileNet.mlmodel */,
			);
			path = MLModels;
			sourceTree = "<group>";
		};
		BCD4EB6D2C7ADF080021E1C8 /* Object+TextRecognition */ = {
			isa = PBXGroup;
			children = (
				BCD4EB622C77137A0021E1C8 /* CameraPreview.swift */,
				BCD4EB642C7713B80021E1C8 /* RecognitionView.swift */,
			);
			path = "Object+TextRecognition";
			sourceTree = "<group>";
		};
		BCD4EB762C7C39180021E1C8 /* Authentication */ = {
			isa = PBXGroup;
			children = (
				BCD4EB7B2C7C399E0021E1C8 /* InputView.swift */,
				BCD4EB772C7C39330021E1C8 /* LoginView.swift */,
				BCD4EB792C7C39760021E1C8 /* Registration.swift */,
			);
			path = Authentication;
			sourceTree = "<group>";
		};
/* End PBXGroup section */

/* Begin PBXNativeTarget section */
		BCD4EB482C74BFDC0021E1C8 /* DearFriend */ = {
			isa = PBXNativeTarget;
			buildConfigurationList = BCD4EB572C74BFDD0021E1C8 /* Build configuration list for PBXNativeTarget "DearFriend" */;
			buildPhases = (
				BCD4EB452C74BFDC0021E1C8 /* Sources */,
				BCD4EB462C74BFDC0021E1C8 /* Frameworks */,
				BCD4EB472C74BFDC0021E1C8 /* Resources */,
			);
			buildRules = (
			);
			dependencies = (
			);
			name = DearFriend;
			packageProductDependencies = (
				BCBB884F2C9028AF00269A8B /* FirebaseAuth */,
				BCBB88512C9028C300269A8B /* FirebaseDatabase */,
				BCBB88532C9028E800269A8B /* FirebaseFirestore */,
				BCBB88552C9028E800269A8B /* FirebaseFirestoreCombine-Community */,
				BCBB88572C90290900269A8B /* FirebaseStorage */,
				BCBB88592C90290900269A8B /* FirebaseStorageCombine-Community */,
				BC74F51B2C9845C600184ADF /* StreamVideo */,
				BC74F51D2C9845C600184ADF /* StreamVideoSwiftUI */,
				BC74F51F2C9845C600184ADF /* StreamVideoUIKit */,
			);
			productName = DearFriend;
			productReference = BCD4EB492C74BFDC0021E1C8 /* DearFriend.app */;
			productType = "com.apple.product-type.application";
		};
/* End PBXNativeTarget section */

/* Begin PBXProject section */
		BCD4EB412C74BFDC0021E1C8 /* Project object */ = {
			isa = PBXProject;
			attributes = {
				BuildIndependentTargetsInParallel = 1;
				LastSwiftUpdateCheck = 1540;
				LastUpgradeCheck = 1540;
				TargetAttributes = {
					BCD4EB482C74BFDC0021E1C8 = {
						CreatedOnToolsVersion = 15.4;
					};
				};
			};
			buildConfigurationList = BCD4EB442C74BFDC0021E1C8 /* Build configuration list for PBXProject "DearFriend" */;
			compatibilityVersion = "Xcode 14.0";
			developmentRegion = en;
			hasScannedForEncodings = 0;
			knownRegions = (
				en,
				Base,
			);
			mainGroup = BCD4EB402C74BFDC0021E1C8;
			packageReferences = (
				BCD4EB8E2C7CC8300021E1C8 /* XCRemoteSwiftPackageReference "firebase-ios-sdk" */,
				BC74F51A2C9845C600184ADF /* XCRemoteSwiftPackageReference "stream-video-swift" */,
			);
			productRefGroup = BCD4EB4A2C74BFDC0021E1C8 /* Products */;
			projectDirPath = "";
			projectRoot = "";
			targets = (
				BCD4EB482C74BFDC0021E1C8 /* DearFriend */,
			);
		};
/* End PBXProject section */

/* Begin PBXResourcesBuildPhase section */
		BCD4EB472C74BFDC0021E1C8 /* Resources */ = {
			isa = PBXResourcesBuildPhase;
			buildActionMask = 2147483647;
			files = (
				BCD4EB542C74BFDD0021E1C8 /* Preview Assets.xcassets in Resources */,
				BCD4EB512C74BFDD0021E1C8 /* Assets.xcassets in Resources */,
				BCD4EB8D2C7CC62F0021E1C8 /* GoogleService-Info.plist in Resources */,
			);
			runOnlyForDeploymentPostprocessing = 0;
		};
/* End PBXResourcesBuildPhase section */

/* Begin PBXSourcesBuildPhase section */
		BCD4EB452C74BFDC0021E1C8 /* Sources */ = {
			isa = PBXSourcesBuildPhase;
			buildActionMask = 2147483647;
			files = (
				BCD4EB632C77137A0021E1C8 /* CameraPreview.swift in Sources */,
				BC74F5252C9846D400184ADF /* FloatingParticipantView.swift in Sources */,
				BC74F5172C98459300184ADF /* Login_VolunteerHome.swift in Sources */,
				BCD4EB7A2C7C39760021E1C8 /* Registration.swift in Sources */,
				BC74F5272C9846E900184ADF /* ParticipantsView.swift in Sources */,
				BCD4EB732C7B15460021E1C8 /* VIMainSelectionView.swift in Sources */,
				BC74F5362C992BCE00184ADF /* VolunteerHome_ProfileView.swift in Sources */,
				BCD4EB4F2C74BFDC0021E1C8 /* ContentView.swift in Sources */,
				BCBB884E2C8FF0EE00269A8B /* StartView.swift in Sources */,
				BC74F5302C99275700184ADF /* ProfileFieldView.swift in Sources */,
				BC74F5292C98A02C00184ADF /* StartView_VIMainSelectionView.swift in Sources */,
				BCBB88662C91F46100269A8B /* AuthViewModel.swift in Sources */,
				BCD4EB5E2C77125D0021E1C8 /* ImagePredictor.swift in Sources */,
				BC74F5232C9846B700184ADF /* CallView.swift in Sources */,
				BCBB88642C91EF2300269A8B /* Volunteer.swift in Sources */,
				BC74F5342C99285900184ADF /* ProfileDetails.swift in Sources */,
				BC74F4EF2C92ECCF00184ADF /* LocationManager.swift in Sources */,
				BC74F52C2C99247D00184ADF /* ProfileIcon.swift in Sources */,
				BCD4EB672C7713EB0021E1C8 /* CameraViewModel.swift in Sources */,
				BC74F52E2C9924A900184ADF /* ProfileView.swift in Sources */,
				BC74F5192C98459B00184ADF /* VolunteerHome.swift in Sources */,
				BCD4EB4D2C74BFDC0021E1C8 /* DearFriendApp.swift in Sources */,
				BC74F4ED2C92ECA100184ADF /* ConversationView.swift in Sources */,
				BCD4EB692C77212B0021E1C8 /* MobileNet.mlmodel in Sources */,
				BCD4EB752C7B16DB0021E1C8 /* TextRecognizer.swift in Sources */,
				BCD4EB7C2C7C399E0021E1C8 /* InputView.swift in Sources */,
				BCD4EB782C7C39330021E1C8 /* LoginView.swift in Sources */,
				BC74F5322C9927C700184ADF /* ProfileField.swift in Sources */,
				BCD4EB652C7713B80021E1C8 /* RecognitionView.swift in Sources */,
			);
			runOnlyForDeploymentPostprocessing = 0;
		};
/* End PBXSourcesBuildPhase section */

/* Begin XCBuildConfiguration section */
		BCD4EB552C74BFDD0021E1C8 /* Debug */ = {
			isa = XCBuildConfiguration;
			buildSettings = {
				ALWAYS_SEARCH_USER_PATHS = NO;
				ASSETCATALOG_COMPILER_GENERATE_SWIFT_ASSET_SYMBOL_EXTENSIONS = YES;
				CLANG_ANALYZER_NONNULL = YES;
				CLANG_ANALYZER_NUMBER_OBJECT_CONVERSION = YES_AGGRESSIVE;
				CLANG_CXX_LANGUAGE_STANDARD = "gnu++20";
				CLANG_ENABLE_MODULES = YES;
				CLANG_ENABLE_OBJC_ARC = YES;
				CLANG_ENABLE_OBJC_WEAK = YES;
				CLANG_WARN_BLOCK_CAPTURE_AUTORELEASING = YES;
				CLANG_WARN_BOOL_CONVERSION = YES;
				CLANG_WARN_COMMA = YES;
				CLANG_WARN_CONSTANT_CONVERSION = YES;
				CLANG_WARN_DEPRECATED_OBJC_IMPLEMENTATIONS = YES;
				CLANG_WARN_DIRECT_OBJC_ISA_USAGE = YES_ERROR;
				CLANG_WARN_DOCUMENTATION_COMMENTS = YES;
				CLANG_WARN_EMPTY_BODY = YES;
				CLANG_WARN_ENUM_CONVERSION = YES;
				CLANG_WARN_INFINITE_RECURSION = YES;
				CLANG_WARN_INT_CONVERSION = YES;
				CLANG_WARN_NON_LITERAL_NULL_CONVERSION = YES;
				CLANG_WARN_OBJC_IMPLICIT_RETAIN_SELF = YES;
				CLANG_WARN_OBJC_LITERAL_CONVERSION = YES;
				CLANG_WARN_OBJC_ROOT_CLASS = YES_ERROR;
				CLANG_WARN_QUOTED_INCLUDE_IN_FRAMEWORK_HEADER = YES;
				CLANG_WARN_RANGE_LOOP_ANALYSIS = YES;
				CLANG_WARN_STRICT_PROTOTYPES = YES;
				CLANG_WARN_SUSPICIOUS_MOVE = YES;
				CLANG_WARN_UNGUARDED_AVAILABILITY = YES_AGGRESSIVE;
				CLANG_WARN_UNREACHABLE_CODE = YES;
				CLANG_WARN__DUPLICATE_METHOD_MATCH = YES;
				COPY_PHASE_STRIP = NO;
				DEBUG_INFORMATION_FORMAT = dwarf;
				ENABLE_STRICT_OBJC_MSGSEND = YES;
				ENABLE_TESTABILITY = YES;
				ENABLE_USER_SCRIPT_SANDBOXING = YES;
				GCC_C_LANGUAGE_STANDARD = gnu17;
				GCC_DYNAMIC_NO_PIC = NO;
				GCC_NO_COMMON_BLOCKS = YES;
				GCC_OPTIMIZATION_LEVEL = 0;
				GCC_PREPROCESSOR_DEFINITIONS = (
					"DEBUG=1",
					"$(inherited)",
				);
				GCC_WARN_64_TO_32_BIT_CONVERSION = YES;
				GCC_WARN_ABOUT_RETURN_TYPE = YES_ERROR;
				GCC_WARN_UNDECLARED_SELECTOR = YES;
				GCC_WARN_UNINITIALIZED_AUTOS = YES_AGGRESSIVE;
				GCC_WARN_UNUSED_FUNCTION = YES;
				GCC_WARN_UNUSED_VARIABLE = YES;
				IPHONEOS_DEPLOYMENT_TARGET = 17.5;
				LOCALIZATION_PREFERS_STRING_CATALOGS = YES;
				MTL_ENABLE_DEBUG_INFO = INCLUDE_SOURCE;
				MTL_FAST_MATH = YES;
				ONLY_ACTIVE_ARCH = YES;
				SDKROOT = iphoneos;
				SWIFT_ACTIVE_COMPILATION_CONDITIONS = "DEBUG $(inherited)";
				SWIFT_OPTIMIZATION_LEVEL = "-Onone";
			};
			name = Debug;
		};
		BCD4EB562C74BFDD0021E1C8 /* Release */ = {
			isa = XCBuildConfiguration;
			buildSettings = {
				ALWAYS_SEARCH_USER_PATHS = NO;
				ASSETCATALOG_COMPILER_GENERATE_SWIFT_ASSET_SYMBOL_EXTENSIONS = YES;
				CLANG_ANALYZER_NONNULL = YES;
				CLANG_ANALYZER_NUMBER_OBJECT_CONVERSION = YES_AGGRESSIVE;
				CLANG_CXX_LANGUAGE_STANDARD = "gnu++20";
				CLANG_ENABLE_MODULES = YES;
				CLANG_ENABLE_OBJC_ARC = YES;
				CLANG_ENABLE_OBJC_WEAK = YES;
				CLANG_WARN_BLOCK_CAPTURE_AUTORELEASING = YES;
				CLANG_WARN_BOOL_CONVERSION = YES;
				CLANG_WARN_COMMA = YES;
				CLANG_WARN_CONSTANT_CONVERSION = YES;
				CLANG_WARN_DEPRECATED_OBJC_IMPLEMENTATIONS = YES;
				CLANG_WARN_DIRECT_OBJC_ISA_USAGE = YES_ERROR;
				CLANG_WARN_DOCUMENTATION_COMMENTS = YES;
				CLANG_WARN_EMPTY_BODY = YES;
				CLANG_WARN_ENUM_CONVERSION = YES;
				CLANG_WARN_INFINITE_RECURSION = YES;
				CLANG_WARN_INT_CONVERSION = YES;
				CLANG_WARN_NON_LITERAL_NULL_CONVERSION = YES;
				CLANG_WARN_OBJC_IMPLICIT_RETAIN_SELF = YES;
				CLANG_WARN_OBJC_LITERAL_CONVERSION = YES;
				CLANG_WARN_OBJC_ROOT_CLASS = YES_ERROR;
				CLANG_WARN_QUOTED_INCLUDE_IN_FRAMEWORK_HEADER = YES;
				CLANG_WARN_RANGE_LOOP_ANALYSIS = YES;
				CLANG_WARN_STRICT_PROTOTYPES = YES;
				CLANG_WARN_SUSPICIOUS_MOVE = YES;
				CLANG_WARN_UNGUARDED_AVAILABILITY = YES_AGGRESSIVE;
				CLANG_WARN_UNREACHABLE_CODE = YES;
				CLANG_WARN__DUPLICATE_METHOD_MATCH = YES;
				COPY_PHASE_STRIP = NO;
				DEBUG_INFORMATION_FORMAT = "dwarf-with-dsym";
				ENABLE_NS_ASSERTIONS = NO;
				ENABLE_STRICT_OBJC_MSGSEND = YES;
				ENABLE_USER_SCRIPT_SANDBOXING = YES;
				GCC_C_LANGUAGE_STANDARD = gnu17;
				GCC_NO_COMMON_BLOCKS = YES;
				GCC_WARN_64_TO_32_BIT_CONVERSION = YES;
				GCC_WARN_ABOUT_RETURN_TYPE = YES_ERROR;
				GCC_WARN_UNDECLARED_SELECTOR = YES;
				GCC_WARN_UNINITIALIZED_AUTOS = YES_AGGRESSIVE;
				GCC_WARN_UNUSED_FUNCTION = YES;
				GCC_WARN_UNUSED_VARIABLE = YES;
				IPHONEOS_DEPLOYMENT_TARGET = 17.5;
				LOCALIZATION_PREFERS_STRING_CATALOGS = YES;
				MTL_ENABLE_DEBUG_INFO = NO;
				MTL_FAST_MATH = YES;
				SDKROOT = iphoneos;
				SWIFT_COMPILATION_MODE = wholemodule;
				VALIDATE_PRODUCT = YES;
			};
			name = Release;
		};
		BCD4EB582C74BFDD0021E1C8 /* Debug */ = {
			isa = XCBuildConfiguration;
			buildSettings = {
				ASSETCATALOG_COMPILER_APPICON_NAME = AppIcon;
				ASSETCATALOG_COMPILER_GLOBAL_ACCENT_COLOR_NAME = AccentColor;
				CODE_SIGN_IDENTITY = "Apple Development";
				CODE_SIGN_STYLE = Automatic;
				CURRENT_PROJECT_VERSION = 1;
				DEVELOPMENT_ASSET_PATHS = "\"DearFriend/Preview Content\"";
				DEVELOPMENT_TEAM = QZHA5PV55X;
				ENABLE_PREVIEWS = YES;
				GENERATE_INFOPLIST_FILE = YES;
				INFOPLIST_KEY_NSCameraUsageDescription = "Please allow camera for video calling";
				INFOPLIST_KEY_NSLocationAlwaysAndWhenInUseUsageDescription = "Please allow location access for emergency alerts";
				INFOPLIST_KEY_NSLocationWhenInUseUsageDescription = "Please allow location access for emergency alerts";
				INFOPLIST_KEY_NSMicrophoneUsageDescription = "Please allow microphone for video calling";
				INFOPLIST_KEY_UIApplicationSceneManifest_Generation = YES;
				INFOPLIST_KEY_UIApplicationSupportsIndirectInputEvents = YES;
				INFOPLIST_KEY_UILaunchScreen_Generation = YES;
				INFOPLIST_KEY_UISupportedInterfaceOrientations_iPad = "UIInterfaceOrientationPortrait UIInterfaceOrientationPortraitUpsideDown UIInterfaceOrientationLandscapeLeft UIInterfaceOrientationLandscapeRight";
				INFOPLIST_KEY_UISupportedInterfaceOrientations_iPhone = "UIInterfaceOrientationPortrait UIInterfaceOrientationLandscapeLeft UIInterfaceOrientationLandscapeRight";
				LD_RUNPATH_SEARCH_PATHS = (
					"$(inherited)",
					"@executable_path/Frameworks",
				);
				MARKETING_VERSION = 1.0;
				PRODUCT_BUNDLE_IDENTIFIER = com.minhha.DearFriend;
				PRODUCT_NAME = "$(TARGET_NAME)";
				PROVISIONING_PROFILE_SPECIFIER = "";
				SWIFT_EMIT_LOC_STRINGS = YES;
				SWIFT_VERSION = 5.0;
				TARGETED_DEVICE_FAMILY = "1,2";
			};
			name = Debug;
		};
		BCD4EB592C74BFDD0021E1C8 /* Release */ = {
			isa = XCBuildConfiguration;
			buildSettings = {
				ASSETCATALOG_COMPILER_APPICON_NAME = AppIcon;
				ASSETCATALOG_COMPILER_GLOBAL_ACCENT_COLOR_NAME = AccentColor;
				CODE_SIGN_IDENTITY = "Apple Development";
				CODE_SIGN_STYLE = Automatic;
				CURRENT_PROJECT_VERSION = 1;
				DEVELOPMENT_ASSET_PATHS = "\"DearFriend/Preview Content\"";
				DEVELOPMENT_TEAM = QZHA5PV55X;
				ENABLE_PREVIEWS = YES;
				GENERATE_INFOPLIST_FILE = YES;
				INFOPLIST_KEY_NSCameraUsageDescription = "Please allow camera for video calling";
				INFOPLIST_KEY_NSLocationAlwaysAndWhenInUseUsageDescription = "Please allow location access for emergency alerts";
				INFOPLIST_KEY_NSLocationWhenInUseUsageDescription = "Please allow location access for emergency alerts";
				INFOPLIST_KEY_NSMicrophoneUsageDescription = "Please allow microphone for video calling";
				INFOPLIST_KEY_UIApplicationSceneManifest_Generation = YES;
				INFOPLIST_KEY_UIApplicationSupportsIndirectInputEvents = YES;
				INFOPLIST_KEY_UILaunchScreen_Generation = YES;
				INFOPLIST_KEY_UISupportedInterfaceOrientations_iPad = "UIInterfaceOrientationPortrait UIInterfaceOrientationPortraitUpsideDown UIInterfaceOrientationLandscapeLeft UIInterfaceOrientationLandscapeRight";
				INFOPLIST_KEY_UISupportedInterfaceOrientations_iPhone = "UIInterfaceOrientationPortrait UIInterfaceOrientationLandscapeLeft UIInterfaceOrientationLandscapeRight";
				LD_RUNPATH_SEARCH_PATHS = (
					"$(inherited)",
					"@executable_path/Frameworks",
				);
				MARKETING_VERSION = 1.0;
				PRODUCT_BUNDLE_IDENTIFIER = com.minhha.DearFriend;
				PRODUCT_NAME = "$(TARGET_NAME)";
				PROVISIONING_PROFILE_SPECIFIER = "";
				SWIFT_EMIT_LOC_STRINGS = YES;
				SWIFT_VERSION = 5.0;
				TARGETED_DEVICE_FAMILY = "1,2";
			};
			name = Release;
		};
/* End XCBuildConfiguration section */

/* Begin XCConfigurationList section */
		BCD4EB442C74BFDC0021E1C8 /* Build configuration list for PBXProject "DearFriend" */ = {
			isa = XCConfigurationList;
			buildConfigurations = (
				BCD4EB552C74BFDD0021E1C8 /* Debug */,
				BCD4EB562C74BFDD0021E1C8 /* Release */,
			);
			defaultConfigurationIsVisible = 0;
			defaultConfigurationName = Release;
		};
		BCD4EB572C74BFDD0021E1C8 /* Build configuration list for PBXNativeTarget "DearFriend" */ = {
			isa = XCConfigurationList;
			buildConfigurations = (
				BCD4EB582C74BFDD0021E1C8 /* Debug */,
				BCD4EB592C74BFDD0021E1C8 /* Release */,
			);
			defaultConfigurationIsVisible = 0;
			defaultConfigurationName = Release;
		};
/* End XCConfigurationList section */

/* Begin XCRemoteSwiftPackageReference section */
		BC74F51A2C9845C600184ADF /* XCRemoteSwiftPackageReference "stream-video-swift" */ = {
			isa = XCRemoteSwiftPackageReference;
			repositoryURL = "https://github.com/GetStream/stream-video-swift";
			requirement = {
				kind = upToNextMajorVersion;
				minimumVersion = 1.10.0;
			};
		};
		BCD4EB8E2C7CC8300021E1C8 /* XCRemoteSwiftPackageReference "firebase-ios-sdk" */ = {
			isa = XCRemoteSwiftPackageReference;
			repositoryURL = "https://github.com/firebase/firebase-ios-sdk";
			requirement = {
				kind = upToNextMajorVersion;
				minimumVersion = 11.1.0;
			};
		};
/* End XCRemoteSwiftPackageReference section */

/* Begin XCSwiftPackageProductDependency section */
		BC74F51B2C9845C600184ADF /* StreamVideo */ = {
			isa = XCSwiftPackageProductDependency;
			package = BC74F51A2C9845C600184ADF /* XCRemoteSwiftPackageReference "stream-video-swift" */;
			productName = StreamVideo;
		};
		BC74F51D2C9845C600184ADF /* StreamVideoSwiftUI */ = {
			isa = XCSwiftPackageProductDependency;
			package = BC74F51A2C9845C600184ADF /* XCRemoteSwiftPackageReference "stream-video-swift" */;
			productName = StreamVideoSwiftUI;
		};
		BC74F51F2C9845C600184ADF /* StreamVideoUIKit */ = {
			isa = XCSwiftPackageProductDependency;
			package = BC74F51A2C9845C600184ADF /* XCRemoteSwiftPackageReference "stream-video-swift" */;
			productName = StreamVideoUIKit;
		};
		BCBB884F2C9028AF00269A8B /* FirebaseAuth */ = {
			isa = XCSwiftPackageProductDependency;
			package = BCD4EB8E2C7CC8300021E1C8 /* XCRemoteSwiftPackageReference "firebase-ios-sdk" */;
			productName = FirebaseAuth;
		};
		BCBB88512C9028C300269A8B /* FirebaseDatabase */ = {
			isa = XCSwiftPackageProductDependency;
			package = BCD4EB8E2C7CC8300021E1C8 /* XCRemoteSwiftPackageReference "firebase-ios-sdk" */;
			productName = FirebaseDatabase;
		};
		BCBB88532C9028E800269A8B /* FirebaseFirestore */ = {
			isa = XCSwiftPackageProductDependency;
			package = BCD4EB8E2C7CC8300021E1C8 /* XCRemoteSwiftPackageReference "firebase-ios-sdk" */;
			productName = FirebaseFirestore;
		};
		BCBB88552C9028E800269A8B /* FirebaseFirestoreCombine-Community */ = {
			isa = XCSwiftPackageProductDependency;
			package = BCD4EB8E2C7CC8300021E1C8 /* XCRemoteSwiftPackageReference "firebase-ios-sdk" */;
			productName = "FirebaseFirestoreCombine-Community";
		};
		BCBB88572C90290900269A8B /* FirebaseStorage */ = {
			isa = XCSwiftPackageProductDependency;
			package = BCD4EB8E2C7CC8300021E1C8 /* XCRemoteSwiftPackageReference "firebase-ios-sdk" */;
			productName = FirebaseStorage;
		};
		BCBB88592C90290900269A8B /* FirebaseStorageCombine-Community */ = {
			isa = XCSwiftPackageProductDependency;
			package = BCD4EB8E2C7CC8300021E1C8 /* XCRemoteSwiftPackageReference "firebase-ios-sdk" */;
			productName = "FirebaseStorageCombine-Community";
		};
/* End XCSwiftPackageProductDependency section */
	};
	rootObject = BCD4EB412C74BFDC0021E1C8 /* Project object */;
}
