// !$*UTF8*$!
{
	archiveVersion = 1;
	classes = {
	};
	objectVersion = 56;
	objects = {

/* Begin PBXBuildFile section */
		6AE976B02C6CEA0F00578F95 /* VideoCallApp.swift in Sources */ = {isa = PBXBuildFile; fileRef = 6AE976AF2C6CEA0F00578F95 /* VideoCallApp.swift */; };
		6AE976B22C6CEA0F00578F95 /* ContentView.swift in Sources */ = {isa = PBXBuildFile; fileRef = 6AE976B12C6CEA0F00578F95 /* ContentView.swift */; };
		6AE976B42C6CEA1200578F95 /* Assets.xcassets in Resources */ = {isa = PBXBuildFile; fileRef = 6AE976B32C6CEA1200578F95 /* Assets.xcassets */; };
		6AE976B72C6CEA1200578F95 /* Preview Assets.xcassets in Resources */ = {isa = PBXBuildFile; fileRef = 6AE976B62C6CEA1200578F95 /* Preview Assets.xcassets */; };
		6AE976C12C6CEA1300578F95 /* DearFriendTests.swift in Sources */ = {isa = PBXBuildFile; fileRef = 6AE976C02C6CEA1300578F95 /* DearFriendTests.swift */; };
		6AE976CB2C6CEA1300578F95 /* DearFriendUITests.swift in Sources */ = {isa = PBXBuildFile; fileRef = 6AE976CA2C6CEA1300578F95 /* DearFriendUITests.swift */; };
		6AE976CD2C6CEA1300578F95 /* DearFriendUITestsLaunchTests.swift in Sources */ = {isa = PBXBuildFile; fileRef = 6AE976CC2C6CEA1300578F95 /* DearFriendUITestsLaunchTests.swift */; };
		6AE976DB2C6CEB2000578F95 /* StreamVideo in Frameworks */ = {isa = PBXBuildFile; productRef = 6AE976DA2C6CEB2000578F95 /* StreamVideo */; };
		6AE976DD2C6CEB2000578F95 /* StreamVideoSwiftUI in Frameworks */ = {isa = PBXBuildFile; productRef = 6AE976DC2C6CEB2000578F95 /* StreamVideoSwiftUI */; };
		6AE976DF2C6CEC5100578F95 /* ParticipantsView.swift in Sources */ = {isa = PBXBuildFile; fileRef = 6AE976DE2C6CEC5100578F95 /* ParticipantsView.swift */; };
		6AE976E12C6CECAE00578F95 /* FloatingParticipantView.swift in Sources */ = {isa = PBXBuildFile; fileRef = 6AE976E02C6CECAE00578F95 /* FloatingParticipantView.swift */; };
/* End PBXBuildFile section */

/* Begin PBXContainerItemProxy section */
		6AE976BD2C6CEA1300578F95 /* PBXContainerItemProxy */ = {
			isa = PBXContainerItemProxy;
			containerPortal = 6AE976A42C6CEA0F00578F95 /* Project object */;
			proxyType = 1;
			remoteGlobalIDString = 6AE976AB2C6CEA0F00578F95;
			remoteInfo = DearFriend;
		};
		6AE976C72C6CEA1300578F95 /* PBXContainerItemProxy */ = {
			isa = PBXContainerItemProxy;
			containerPortal = 6AE976A42C6CEA0F00578F95 /* Project object */;
			proxyType = 1;
			remoteGlobalIDString = 6AE976AB2C6CEA0F00578F95;
			remoteInfo = DearFriend;
		};
/* End PBXContainerItemProxy section */

/* Begin PBXFileReference section */
		6AE976AC2C6CEA0F00578F95 /* DearFriend.app */ = {isa = PBXFileReference; explicitFileType = wrapper.application; includeInIndex = 0; path = DearFriend.app; sourceTree = BUILT_PRODUCTS_DIR; };
		6AE976AF2C6CEA0F00578F95 /* VideoCallApp.swift */ = {isa = PBXFileReference; lastKnownFileType = sourcecode.swift; path = VideoCallApp.swift; sourceTree = "<group>"; };
		6AE976B12C6CEA0F00578F95 /* ContentView.swift */ = {isa = PBXFileReference; lastKnownFileType = sourcecode.swift; path = ContentView.swift; sourceTree = "<group>"; };
		6AE976B32C6CEA1200578F95 /* Assets.xcassets */ = {isa = PBXFileReference; lastKnownFileType = folder.assetcatalog; path = Assets.xcassets; sourceTree = "<group>"; };
		6AE976B62C6CEA1200578F95 /* Preview Assets.xcassets */ = {isa = PBXFileReference; lastKnownFileType = folder.assetcatalog; path = "Preview Assets.xcassets"; sourceTree = "<group>"; };
		6AE976BC2C6CEA1300578F95 /* DearFriendTests.xctest */ = {isa = PBXFileReference; explicitFileType = wrapper.cfbundle; includeInIndex = 0; path = DearFriendTests.xctest; sourceTree = BUILT_PRODUCTS_DIR; };
		6AE976C02C6CEA1300578F95 /* DearFriendTests.swift */ = {isa = PBXFileReference; lastKnownFileType = sourcecode.swift; path = DearFriendTests.swift; sourceTree = "<group>"; };
		6AE976C62C6CEA1300578F95 /* DearFriendUITests.xctest */ = {isa = PBXFileReference; explicitFileType = wrapper.cfbundle; includeInIndex = 0; path = DearFriendUITests.xctest; sourceTree = BUILT_PRODUCTS_DIR; };
		6AE976CA2C6CEA1300578F95 /* DearFriendUITests.swift */ = {isa = PBXFileReference; lastKnownFileType = sourcecode.swift; path = DearFriendUITests.swift; sourceTree = "<group>"; };
		6AE976CC2C6CEA1300578F95 /* DearFriendUITestsLaunchTests.swift */ = {isa = PBXFileReference; lastKnownFileType = sourcecode.swift; path = DearFriendUITestsLaunchTests.swift; sourceTree = "<group>"; };
		6AE976DE2C6CEC5100578F95 /* ParticipantsView.swift */ = {isa = PBXFileReference; lastKnownFileType = sourcecode.swift; path = ParticipantsView.swift; sourceTree = "<group>"; };
		6AE976E02C6CECAE00578F95 /* FloatingParticipantView.swift */ = {isa = PBXFileReference; lastKnownFileType = sourcecode.swift; path = FloatingParticipantView.swift; sourceTree = "<group>"; };
/* End PBXFileReference section */

/* Begin PBXFrameworksBuildPhase section */
		6AE976A92C6CEA0F00578F95 /* Frameworks */ = {
			isa = PBXFrameworksBuildPhase;
			buildActionMask = 2147483647;
			files = (
				6AE976DD2C6CEB2000578F95 /* StreamVideoSwiftUI in Frameworks */,
				6AE976DB2C6CEB2000578F95 /* StreamVideo in Frameworks */,
			);
			runOnlyForDeploymentPostprocessing = 0;
		};
		6AE976B92C6CEA1300578F95 /* Frameworks */ = {
			isa = PBXFrameworksBuildPhase;
			buildActionMask = 2147483647;
			files = (
			);
			runOnlyForDeploymentPostprocessing = 0;
		};
		6AE976C32C6CEA1300578F95 /* Frameworks */ = {
			isa = PBXFrameworksBuildPhase;
			buildActionMask = 2147483647;
			files = (
			);
			runOnlyForDeploymentPostprocessing = 0;
		};
/* End PBXFrameworksBuildPhase section */

/* Begin PBXGroup section */
		6AE976A32C6CEA0F00578F95 = {
			isa = PBXGroup;
			children = (
				6AE976AE2C6CEA0F00578F95 /* DearFriend */,
				6AE976BF2C6CEA1300578F95 /* DearFriendTests */,
				6AE976C92C6CEA1300578F95 /* DearFriendUITests */,
				6AE976AD2C6CEA0F00578F95 /* Products */,
			);
			sourceTree = "<group>";
		};
		6AE976AD2C6CEA0F00578F95 /* Products */ = {
			isa = PBXGroup;
			children = (
				6AE976AC2C6CEA0F00578F95 /* DearFriend.app */,
				6AE976BC2C6CEA1300578F95 /* DearFriendTests.xctest */,
				6AE976C62C6CEA1300578F95 /* DearFriendUITests.xctest */,
			);
			name = Products;
			sourceTree = "<group>";
		};
		6AE976AE2C6CEA0F00578F95 /* DearFriend */ = {
			isa = PBXGroup;
			children = (
				6AE976AF2C6CEA0F00578F95 /* VideoCallApp.swift */,
				6AE976B12C6CEA0F00578F95 /* ContentView.swift */,
				6AE976B32C6CEA1200578F95 /* Assets.xcassets */,
				6AE976DE2C6CEC5100578F95 /* ParticipantsView.swift */,
				6AE976E02C6CECAE00578F95 /* FloatingParticipantView.swift */,
				6AE976B52C6CEA1200578F95 /* Preview Content */,
			);
			path = DearFriend;
			sourceTree = "<group>";
		};
		6AE976B52C6CEA1200578F95 /* Preview Content */ = {
			isa = PBXGroup;
			children = (
				6AE976B62C6CEA1200578F95 /* Preview Assets.xcassets */,
			);
			path = "Preview Content";
			sourceTree = "<group>";
		};
		6AE976BF2C6CEA1300578F95 /* DearFriendTests */ = {
			isa = PBXGroup;
			children = (
				6AE976C02C6CEA1300578F95 /* DearFriendTests.swift */,
			);
			path = DearFriendTests;
			sourceTree = "<group>";
		};
		6AE976C92C6CEA1300578F95 /* DearFriendUITests */ = {
			isa = PBXGroup;
			children = (
				6AE976CA2C6CEA1300578F95 /* DearFriendUITests.swift */,
				6AE976CC2C6CEA1300578F95 /* DearFriendUITestsLaunchTests.swift */,
			);
			path = DearFriendUITests;
			sourceTree = "<group>";
		};
/* End PBXGroup section */

/* Begin PBXNativeTarget section */
		6AE976AB2C6CEA0F00578F95 /* DearFriend */ = {
			isa = PBXNativeTarget;
			buildConfigurationList = 6AE976D02C6CEA1300578F95 /* Build configuration list for PBXNativeTarget "DearFriend" */;
			buildPhases = (
				6AE976A82C6CEA0F00578F95 /* Sources */,
				6AE976A92C6CEA0F00578F95 /* Frameworks */,
				6AE976AA2C6CEA0F00578F95 /* Resources */,
			);
			buildRules = (
			);
			dependencies = (
			);
			name = DearFriend;
			packageProductDependencies = (
				6AE976DA2C6CEB2000578F95 /* StreamVideo */,
				6AE976DC2C6CEB2000578F95 /* StreamVideoSwiftUI */,
			);
			productName = DearFriend;
			productReference = 6AE976AC2C6CEA0F00578F95 /* DearFriend.app */;
			productType = "com.apple.product-type.application";
		};
		6AE976BB2C6CEA1300578F95 /* DearFriendTests */ = {
			isa = PBXNativeTarget;
			buildConfigurationList = 6AE976D32C6CEA1300578F95 /* Build configuration list for PBXNativeTarget "DearFriendTests" */;
			buildPhases = (
				6AE976B82C6CEA1300578F95 /* Sources */,
				6AE976B92C6CEA1300578F95 /* Frameworks */,
				6AE976BA2C6CEA1300578F95 /* Resources */,
			);
			buildRules = (
			);
			dependencies = (
				6AE976BE2C6CEA1300578F95 /* PBXTargetDependency */,
			);
			name = DearFriendTests;
			productName = DearFriendTests;
			productReference = 6AE976BC2C6CEA1300578F95 /* DearFriendTests.xctest */;
			productType = "com.apple.product-type.bundle.unit-test";
		};
		6AE976C52C6CEA1300578F95 /* DearFriendUITests */ = {
			isa = PBXNativeTarget;
			buildConfigurationList = 6AE976D62C6CEA1300578F95 /* Build configuration list for PBXNativeTarget "DearFriendUITests" */;
			buildPhases = (
				6AE976C22C6CEA1300578F95 /* Sources */,
				6AE976C32C6CEA1300578F95 /* Frameworks */,
				6AE976C42C6CEA1300578F95 /* Resources */,
			);
			buildRules = (
			);
			dependencies = (
				6AE976C82C6CEA1300578F95 /* PBXTargetDependency */,
			);
			name = DearFriendUITests;
			productName = DearFriendUITests;
			productReference = 6AE976C62C6CEA1300578F95 /* DearFriendUITests.xctest */;
			productType = "com.apple.product-type.bundle.ui-testing";
		};
/* End PBXNativeTarget section */

/* Begin PBXProject section */
		6AE976A42C6CEA0F00578F95 /* Project object */ = {
			isa = PBXProject;
			attributes = {
				BuildIndependentTargetsInParallel = 1;
				LastSwiftUpdateCheck = 1540;
				LastUpgradeCheck = 1540;
				TargetAttributes = {
					6AE976AB2C6CEA0F00578F95 = {
						CreatedOnToolsVersion = 15.4;
					};
					6AE976BB2C6CEA1300578F95 = {
						CreatedOnToolsVersion = 15.4;
						TestTargetID = 6AE976AB2C6CEA0F00578F95;
					};
					6AE976C52C6CEA1300578F95 = {
						CreatedOnToolsVersion = 15.4;
						TestTargetID = 6AE976AB2C6CEA0F00578F95;
					};
				};
			};
			buildConfigurationList = 6AE976A72C6CEA0F00578F95 /* Build configuration list for PBXProject "DearFriend" */;
			compatibilityVersion = "Xcode 14.0";
			developmentRegion = en;
			hasScannedForEncodings = 0;
			knownRegions = (
				en,
				Base,
			);
			mainGroup = 6AE976A32C6CEA0F00578F95;
			packageReferences = (
				6AE976D92C6CEB2000578F95 /* XCRemoteSwiftPackageReference "stream-video-swift" */,
			);
			productRefGroup = 6AE976AD2C6CEA0F00578F95 /* Products */;
			projectDirPath = "";
			projectRoot = "";
			targets = (
				6AE976AB2C6CEA0F00578F95 /* DearFriend */,
				6AE976BB2C6CEA1300578F95 /* DearFriendTests */,
				6AE976C52C6CEA1300578F95 /* DearFriendUITests */,
			);
		};
/* End PBXProject section */

/* Begin PBXResourcesBuildPhase section */
		6AE976AA2C6CEA0F00578F95 /* Resources */ = {
			isa = PBXResourcesBuildPhase;
			buildActionMask = 2147483647;
			files = (
				6AE976B72C6CEA1200578F95 /* Preview Assets.xcassets in Resources */,
				6AE976B42C6CEA1200578F95 /* Assets.xcassets in Resources */,
			);
			runOnlyForDeploymentPostprocessing = 0;
		};
		6AE976BA2C6CEA1300578F95 /* Resources */ = {
			isa = PBXResourcesBuildPhase;
			buildActionMask = 2147483647;
			files = (
			);
			runOnlyForDeploymentPostprocessing = 0;
		};
		6AE976C42C6CEA1300578F95 /* Resources */ = {
			isa = PBXResourcesBuildPhase;
			buildActionMask = 2147483647;
			files = (
			);
			runOnlyForDeploymentPostprocessing = 0;
		};
/* End PBXResourcesBuildPhase section */

/* Begin PBXSourcesBuildPhase section */
		6AE976A82C6CEA0F00578F95 /* Sources */ = {
			isa = PBXSourcesBuildPhase;
			buildActionMask = 2147483647;
			files = (
				6AE976B22C6CEA0F00578F95 /* ContentView.swift in Sources */,
				6AE976B02C6CEA0F00578F95 /* VideoCallApp.swift in Sources */,
				6AE976E12C6CECAE00578F95 /* FloatingParticipantView.swift in Sources */,
				6AE976DF2C6CEC5100578F95 /* ParticipantsView.swift in Sources */,
			);
			runOnlyForDeploymentPostprocessing = 0;
		};
		6AE976B82C6CEA1300578F95 /* Sources */ = {
			isa = PBXSourcesBuildPhase;
			buildActionMask = 2147483647;
			files = (
				6AE976C12C6CEA1300578F95 /* DearFriendTests.swift in Sources */,
			);
			runOnlyForDeploymentPostprocessing = 0;
		};
		6AE976C22C6CEA1300578F95 /* Sources */ = {
			isa = PBXSourcesBuildPhase;
			buildActionMask = 2147483647;
			files = (
				6AE976CD2C6CEA1300578F95 /* DearFriendUITestsLaunchTests.swift in Sources */,
				6AE976CB2C6CEA1300578F95 /* DearFriendUITests.swift in Sources */,
			);
			runOnlyForDeploymentPostprocessing = 0;
		};
/* End PBXSourcesBuildPhase section */

/* Begin PBXTargetDependency section */
		6AE976BE2C6CEA1300578F95 /* PBXTargetDependency */ = {
			isa = PBXTargetDependency;
			target = 6AE976AB2C6CEA0F00578F95 /* DearFriend */;
			targetProxy = 6AE976BD2C6CEA1300578F95 /* PBXContainerItemProxy */;
		};
		6AE976C82C6CEA1300578F95 /* PBXTargetDependency */ = {
			isa = PBXTargetDependency;
			target = 6AE976AB2C6CEA0F00578F95 /* DearFriend */;
			targetProxy = 6AE976C72C6CEA1300578F95 /* PBXContainerItemProxy */;
		};
/* End PBXTargetDependency section */

/* Begin XCBuildConfiguration section */
		6AE976CE2C6CEA1300578F95 /* Debug */ = {
			isa = XCBuildConfiguration;
			buildSettings = {
				ALWAYS_SEARCH_USER_PATHS = NO;
				ASSETCATALOG_COMPILER_GENERATE_SWIFT_ASSET_SYMBOL_EXTENSIONS = YES;
				CLANG_ANALYZER_NONNULL = YES;
				CLANG_ANALYZER_NUMBER_OBJECT_CONVERSION = YES_AGGRESSIVE;
				CLANG_CXX_LANGUAGE_STANDARD = "gnu++20";
				CLANG_ENABLE_MODULES = YES;
				CLANG_ENABLE_OBJC_ARC = YES;
				CLANG_ENABLE_OBJC_WEAK = YES;
				CLANG_WARN_BLOCK_CAPTURE_AUTORELEASING = YES;
				CLANG_WARN_BOOL_CONVERSION = YES;
				CLANG_WARN_COMMA = YES;
				CLANG_WARN_CONSTANT_CONVERSION = YES;
				CLANG_WARN_DEPRECATED_OBJC_IMPLEMENTATIONS = YES;
				CLANG_WARN_DIRECT_OBJC_ISA_USAGE = YES_ERROR;
				CLANG_WARN_DOCUMENTATION_COMMENTS = YES;
				CLANG_WARN_EMPTY_BODY = YES;
				CLANG_WARN_ENUM_CONVERSION = YES;
				CLANG_WARN_INFINITE_RECURSION = YES;
				CLANG_WARN_INT_CONVERSION = YES;
				CLANG_WARN_NON_LITERAL_NULL_CONVERSION = YES;
				CLANG_WARN_OBJC_IMPLICIT_RETAIN_SELF = YES;
				CLANG_WARN_OBJC_LITERAL_CONVERSION = YES;
				CLANG_WARN_OBJC_ROOT_CLASS = YES_ERROR;
				CLANG_WARN_QUOTED_INCLUDE_IN_FRAMEWORK_HEADER = YES;
				CLANG_WARN_RANGE_LOOP_ANALYSIS = YES;
				CLANG_WARN_STRICT_PROTOTYPES = YES;
				CLANG_WARN_SUSPICIOUS_MOVE = YES;
				CLANG_WARN_UNGUARDED_AVAILABILITY = YES_AGGRESSIVE;
				CLANG_WARN_UNREACHABLE_CODE = YES;
				CLANG_WARN__DUPLICATE_METHOD_MATCH = YES;
				COPY_PHASE_STRIP = NO;
				DEBUG_INFORMATION_FORMAT = dwarf;
				ENABLE_STRICT_OBJC_MSGSEND = YES;
				ENABLE_TESTABILITY = YES;
				ENABLE_USER_SCRIPT_SANDBOXING = YES;
				GCC_C_LANGUAGE_STANDARD = gnu17;
				GCC_DYNAMIC_NO_PIC = NO;
				GCC_NO_COMMON_BLOCKS = YES;
				GCC_OPTIMIZATION_LEVEL = 0;
				GCC_PREPROCESSOR_DEFINITIONS = (
					"DEBUG=1",
					"$(inherited)",
				);
				GCC_WARN_64_TO_32_BIT_CONVERSION = YES;
				GCC_WARN_ABOUT_RETURN_TYPE = YES_ERROR;
				GCC_WARN_UNDECLARED_SELECTOR = YES;
				GCC_WARN_UNINITIALIZED_AUTOS = YES_AGGRESSIVE;
				GCC_WARN_UNUSED_FUNCTION = YES;
				GCC_WARN_UNUSED_VARIABLE = YES;
				IPHONEOS_DEPLOYMENT_TARGET = 17.5;
				LOCALIZATION_PREFERS_STRING_CATALOGS = YES;
				MTL_ENABLE_DEBUG_INFO = INCLUDE_SOURCE;
				MTL_FAST_MATH = YES;
				ONLY_ACTIVE_ARCH = YES;
				SDKROOT = iphoneos;
				SWIFT_ACTIVE_COMPILATION_CONDITIONS = "DEBUG $(inherited)";
				SWIFT_OPTIMIZATION_LEVEL = "-Onone";
			};
			name = Debug;
		};
		6AE976CF2C6CEA1300578F95 /* Release */ = {
			isa = XCBuildConfiguration;
			buildSettings = {
				ALWAYS_SEARCH_USER_PATHS = NO;
				ASSETCATALOG_COMPILER_GENERATE_SWIFT_ASSET_SYMBOL_EXTENSIONS = YES;
				CLANG_ANALYZER_NONNULL = YES;
				CLANG_ANALYZER_NUMBER_OBJECT_CONVERSION = YES_AGGRESSIVE;
				CLANG_CXX_LANGUAGE_STANDARD = "gnu++20";
				CLANG_ENABLE_MODULES = YES;
				CLANG_ENABLE_OBJC_ARC = YES;
				CLANG_ENABLE_OBJC_WEAK = YES;
				CLANG_WARN_BLOCK_CAPTURE_AUTORELEASING = YES;
				CLANG_WARN_BOOL_CONVERSION = YES;
				CLANG_WARN_COMMA = YES;
				CLANG_WARN_CONSTANT_CONVERSION = YES;
				CLANG_WARN_DEPRECATED_OBJC_IMPLEMENTATIONS = YES;
				CLANG_WARN_DIRECT_OBJC_ISA_USAGE = YES_ERROR;
				CLANG_WARN_DOCUMENTATION_COMMENTS = YES;
				CLANG_WARN_EMPTY_BODY = YES;
				CLANG_WARN_ENUM_CONVERSION = YES;
				CLANG_WARN_INFINITE_RECURSION = YES;
				CLANG_WARN_INT_CONVERSION = YES;
				CLANG_WARN_NON_LITERAL_NULL_CONVERSION = YES;
				CLANG_WARN_OBJC_IMPLICIT_RETAIN_SELF = YES;
				CLANG_WARN_OBJC_LITERAL_CONVERSION = YES;
				CLANG_WARN_OBJC_ROOT_CLASS = YES_ERROR;
				CLANG_WARN_QUOTED_INCLUDE_IN_FRAMEWORK_HEADER = YES;
				CLANG_WARN_RANGE_LOOP_ANALYSIS = YES;
				CLANG_WARN_STRICT_PROTOTYPES = YES;
				CLANG_WARN_SUSPICIOUS_MOVE = YES;
				CLANG_WARN_UNGUARDED_AVAILABILITY = YES_AGGRESSIVE;
				CLANG_WARN_UNREACHABLE_CODE = YES;
				CLANG_WARN__DUPLICATE_METHOD_MATCH = YES;
				COPY_PHASE_STRIP = NO;
				DEBUG_INFORMATION_FORMAT = "dwarf-with-dsym";
				ENABLE_NS_ASSERTIONS = NO;
				ENABLE_STRICT_OBJC_MSGSEND = YES;
				ENABLE_USER_SCRIPT_SANDBOXING = YES;
				GCC_C_LANGUAGE_STANDARD = gnu17;
				GCC_NO_COMMON_BLOCKS = YES;
				GCC_WARN_64_TO_32_BIT_CONVERSION = YES;
				GCC_WARN_ABOUT_RETURN_TYPE = YES_ERROR;
				GCC_WARN_UNDECLARED_SELECTOR = YES;
				GCC_WARN_UNINITIALIZED_AUTOS = YES_AGGRESSIVE;
				GCC_WARN_UNUSED_FUNCTION = YES;
				GCC_WARN_UNUSED_VARIABLE = YES;
				IPHONEOS_DEPLOYMENT_TARGET = 17.5;
				LOCALIZATION_PREFERS_STRING_CATALOGS = YES;
				MTL_ENABLE_DEBUG_INFO = NO;
				MTL_FAST_MATH = YES;
				SDKROOT = iphoneos;
				SWIFT_COMPILATION_MODE = wholemodule;
				VALIDATE_PRODUCT = YES;
			};
			name = Release;
		};
		6AE976D12C6CEA1300578F95 /* Debug */ = {
			isa = XCBuildConfiguration;
			buildSettings = {
				ASSETCATALOG_COMPILER_APPICON_NAME = AppIcon;
				ASSETCATALOG_COMPILER_GLOBAL_ACCENT_COLOR_NAME = AccentColor;
				CODE_SIGN_STYLE = Automatic;
				CURRENT_PROJECT_VERSION = 1;
				DEVELOPMENT_ASSET_PATHS = "\"DearFriend/Preview Content\"";
				ENABLE_PREVIEWS = YES;
				GENERATE_INFOPLIST_FILE = YES;
				INFOPLIST_KEY_NSCameraUsageDescription = "";
				INFOPLIST_KEY_NSMicrophoneUsageDescription = "";
				INFOPLIST_KEY_UIApplicationSceneManifest_Generation = YES;
				INFOPLIST_KEY_UIApplicationSupportsIndirectInputEvents = YES;
				INFOPLIST_KEY_UILaunchScreen_Generation = YES;
				INFOPLIST_KEY_UISupportedInterfaceOrientations_iPad = "UIInterfaceOrientationPortrait UIInterfaceOrientationPortraitUpsideDown UIInterfaceOrientationLandscapeLeft UIInterfaceOrientationLandscapeRight";
				INFOPLIST_KEY_UISupportedInterfaceOrientations_iPhone = "UIInterfaceOrientationPortrait UIInterfaceOrientationLandscapeLeft UIInterfaceOrientationLandscapeRight";
				LD_RUNPATH_SEARCH_PATHS = (
					"$(inherited)",
					"@executable_path/Frameworks",
				);
				MARKETING_VERSION = 1.0;
				PRODUCT_BUNDLE_IDENTIFIER = com.group11.VidCall.DearFriend;
				PRODUCT_NAME = "$(TARGET_NAME)";
				SWIFT_EMIT_LOC_STRINGS = YES;
				SWIFT_VERSION = 5.0;
				TARGETED_DEVICE_FAMILY = "1,2";
			};
			name = Debug;
		};
		6AE976D22C6CEA1300578F95 /* Release */ = {
			isa = XCBuildConfiguration;
			buildSettings = {
				ASSETCATALOG_COMPILER_APPICON_NAME = AppIcon;
				ASSETCATALOG_COMPILER_GLOBAL_ACCENT_COLOR_NAME = AccentColor;
				CODE_SIGN_STYLE = Automatic;
				CURRENT_PROJECT_VERSION = 1;
				DEVELOPMENT_ASSET_PATHS = "\"DearFriend/Preview Content\"";
				ENABLE_PREVIEWS = YES;
				GENERATE_INFOPLIST_FILE = YES;
				INFOPLIST_KEY_NSCameraUsageDescription = "";
				INFOPLIST_KEY_NSMicrophoneUsageDescription = "";
				INFOPLIST_KEY_UIApplicationSceneManifest_Generation = YES;
				INFOPLIST_KEY_UIApplicationSupportsIndirectInputEvents = YES;
				INFOPLIST_KEY_UILaunchScreen_Generation = YES;
				INFOPLIST_KEY_UISupportedInterfaceOrientations_iPad = "UIInterfaceOrientationPortrait UIInterfaceOrientationPortraitUpsideDown UIInterfaceOrientationLandscapeLeft UIInterfaceOrientationLandscapeRight";
				INFOPLIST_KEY_UISupportedInterfaceOrientations_iPhone = "UIInterfaceOrientationPortrait UIInterfaceOrientationLandscapeLeft UIInterfaceOrientationLandscapeRight";
				LD_RUNPATH_SEARCH_PATHS = (
					"$(inherited)",
					"@executable_path/Frameworks",
				);
				MARKETING_VERSION = 1.0;
				PRODUCT_BUNDLE_IDENTIFIER = com.group11.VidCall.DearFriend;
				PRODUCT_NAME = "$(TARGET_NAME)";
				SWIFT_EMIT_LOC_STRINGS = YES;
				SWIFT_VERSION = 5.0;
				TARGETED_DEVICE_FAMILY = "1,2";
			};
			name = Release;
		};
		6AE976D42C6CEA1300578F95 /* Debug */ = {
			isa = XCBuildConfiguration;
			buildSettings = {
				ALWAYS_EMBED_SWIFT_STANDARD_LIBRARIES = YES;
				BUNDLE_LOADER = "$(TEST_HOST)";
				CODE_SIGN_STYLE = Automatic;
				CURRENT_PROJECT_VERSION = 1;
				GENERATE_INFOPLIST_FILE = YES;
				IPHONEOS_DEPLOYMENT_TARGET = 17.5;
				MARKETING_VERSION = 1.0;
				PRODUCT_BUNDLE_IDENTIFIER = com.group11.VidCall.DearFriendTests;
				PRODUCT_NAME = "$(TARGET_NAME)";
				SWIFT_EMIT_LOC_STRINGS = NO;
				SWIFT_VERSION = 5.0;
				TARGETED_DEVICE_FAMILY = "1,2";
				TEST_HOST = "$(BUILT_PRODUCTS_DIR)/DearFriend.app/$(BUNDLE_EXECUTABLE_FOLDER_PATH)/DearFriend";
			};
			name = Debug;
		};
		6AE976D52C6CEA1300578F95 /* Release */ = {
			isa = XCBuildConfiguration;
			buildSettings = {
				ALWAYS_EMBED_SWIFT_STANDARD_LIBRARIES = YES;
				BUNDLE_LOADER = "$(TEST_HOST)";
				CODE_SIGN_STYLE = Automatic;
				CURRENT_PROJECT_VERSION = 1;
				GENERATE_INFOPLIST_FILE = YES;
				IPHONEOS_DEPLOYMENT_TARGET = 17.5;
				MARKETING_VERSION = 1.0;
				PRODUCT_BUNDLE_IDENTIFIER = com.group11.VidCall.DearFriendTests;
				PRODUCT_NAME = "$(TARGET_NAME)";
				SWIFT_EMIT_LOC_STRINGS = NO;
				SWIFT_VERSION = 5.0;
				TARGETED_DEVICE_FAMILY = "1,2";
				TEST_HOST = "$(BUILT_PRODUCTS_DIR)/DearFriend.app/$(BUNDLE_EXECUTABLE_FOLDER_PATH)/DearFriend";
			};
			name = Release;
		};
		6AE976D72C6CEA1300578F95 /* Debug */ = {
			isa = XCBuildConfiguration;
			buildSettings = {
				ALWAYS_EMBED_SWIFT_STANDARD_LIBRARIES = YES;
				CODE_SIGN_STYLE = Automatic;
				CURRENT_PROJECT_VERSION = 1;
				GENERATE_INFOPLIST_FILE = YES;
				MARKETING_VERSION = 1.0;
				PRODUCT_BUNDLE_IDENTIFIER = com.group11.VidCall.DearFriendUITests;
				PRODUCT_NAME = "$(TARGET_NAME)";
				SWIFT_EMIT_LOC_STRINGS = NO;
				SWIFT_VERSION = 5.0;
				TARGETED_DEVICE_FAMILY = "1,2";
				TEST_TARGET_NAME = DearFriend;
			};
			name = Debug;
		};
		6AE976D82C6CEA1300578F95 /* Release */ = {
			isa = XCBuildConfiguration;
			buildSettings = {
				ALWAYS_EMBED_SWIFT_STANDARD_LIBRARIES = YES;
				CODE_SIGN_STYLE = Automatic;
				CURRENT_PROJECT_VERSION = 1;
				GENERATE_INFOPLIST_FILE = YES;
				MARKETING_VERSION = 1.0;
				PRODUCT_BUNDLE_IDENTIFIER = com.group11.VidCall.DearFriendUITests;
				PRODUCT_NAME = "$(TARGET_NAME)";
				SWIFT_EMIT_LOC_STRINGS = NO;
				SWIFT_VERSION = 5.0;
				TARGETED_DEVICE_FAMILY = "1,2";
				TEST_TARGET_NAME = DearFriend;
			};
			name = Release;
		};
/* End XCBuildConfiguration section */

/* Begin XCConfigurationList section */
		6AE976A72C6CEA0F00578F95 /* Build configuration list for PBXProject "DearFriend" */ = {
			isa = XCConfigurationList;
			buildConfigurations = (
				6AE976CE2C6CEA1300578F95 /* Debug */,
				6AE976CF2C6CEA1300578F95 /* Release */,
			);
			defaultConfigurationIsVisible = 0;
			defaultConfigurationName = Release;
		};
		6AE976D02C6CEA1300578F95 /* Build configuration list for PBXNativeTarget "DearFriend" */ = {
			isa = XCConfigurationList;
			buildConfigurations = (
				6AE976D12C6CEA1300578F95 /* Debug */,
				6AE976D22C6CEA1300578F95 /* Release */,
			);
			defaultConfigurationIsVisible = 0;
			defaultConfigurationName = Release;
		};
		6AE976D32C6CEA1300578F95 /* Build configuration list for PBXNativeTarget "DearFriendTests" */ = {
			isa = XCConfigurationList;
			buildConfigurations = (
				6AE976D42C6CEA1300578F95 /* Debug */,
				6AE976D52C6CEA1300578F95 /* Release */,
			);
			defaultConfigurationIsVisible = 0;
			defaultConfigurationName = Release;
		};
		6AE976D62C6CEA1300578F95 /* Build configuration list for PBXNativeTarget "DearFriendUITests" */ = {
			isa = XCConfigurationList;
			buildConfigurations = (
				6AE976D72C6CEA1300578F95 /* Debug */,
				6AE976D82C6CEA1300578F95 /* Release */,
			);
			defaultConfigurationIsVisible = 0;
			defaultConfigurationName = Release;
		};
/* End XCConfigurationList section */

/* Begin XCRemoteSwiftPackageReference section */
		6AE976D92C6CEB2000578F95 /* XCRemoteSwiftPackageReference "stream-video-swift" */ = {
			isa = XCRemoteSwiftPackageReference;
			repositoryURL = "https://github.com/GetStream/stream-video-swift";
			requirement = {
				kind = upToNextMajorVersion;
				minimumVersion = 1.0.9;
			};
		};
/* End XCRemoteSwiftPackageReference section */

/* Begin XCSwiftPackageProductDependency section */
		6AE976DA2C6CEB2000578F95 /* StreamVideo */ = {
			isa = XCSwiftPackageProductDependency;
			package = 6AE976D92C6CEB2000578F95 /* XCRemoteSwiftPackageReference "stream-video-swift" */;
			productName = StreamVideo;
		};
		6AE976DC2C6CEB2000578F95 /* StreamVideoSwiftUI */ = {
			isa = XCSwiftPackageProductDependency;
			package = 6AE976D92C6CEB2000578F95 /* XCRemoteSwiftPackageReference "stream-video-swift" */;
			productName = StreamVideoSwiftUI;
		};
/* End XCSwiftPackageProductDependency section */
	};
	rootObject = 6AE976A42C6CEA0F00578F95 /* Project object */;
}
